// !$*UTF8*$!
{
	archiveVersion = 1;
	classes = {
	};
	objectVersion = 46;
	objects = {

/* Begin PBXBuildFile section */
		00E356F31AD99517003FC87E /* juan_ted_uiTests.m in Sources */ = {isa = PBXBuildFile; fileRef = 00E356F21AD99517003FC87E /* juan_ted_uiTests.m */; };
		13B07FBC1A68108700A75B9A /* AppDelegate.m in Sources */ = {isa = PBXBuildFile; fileRef = 13B07FB01A68108700A75B9A /* AppDelegate.m */; };
		13B07FBD1A68108700A75B9A /* LaunchScreen.xib in Resources */ = {isa = PBXBuildFile; fileRef = 13B07FB11A68108700A75B9A /* LaunchScreen.xib */; };
		13B07FBF1A68108700A75B9A /* Images.xcassets in Resources */ = {isa = PBXBuildFile; fileRef = 13B07FB51A68108700A75B9A /* Images.xcassets */; };
		13B07FC11A68108700A75B9A /* main.m in Sources */ = {isa = PBXBuildFile; fileRef = 13B07FB71A68108700A75B9A /* main.m */; };
		1672EC87BAA0469193612163 /* AntDesign.ttf in Resources */ = {isa = PBXBuildFile; fileRef = 554C7DAA15444AA4A51E3457 /* AntDesign.ttf */; };
		1E59A09236EF43A4A77CA967 /* SimpleLineIcons.ttf in Resources */ = {isa = PBXBuildFile; fileRef = 60319DE6B6CA4834AE4700F7 /* SimpleLineIcons.ttf */; };
		287F11D9040D2B80C0231C9D /* libPods-juan_ted_ui-tvOSTests.a in Frameworks */ = {isa = PBXBuildFile; fileRef = 41D4E55725E6BE6FA56F94C2 /* libPods-juan_ted_ui-tvOSTests.a */; };
		2D02E4BC1E0B4A80006451C7 /* AppDelegate.m in Sources */ = {isa = PBXBuildFile; fileRef = 13B07FB01A68108700A75B9A /* AppDelegate.m */; };
		2D02E4BD1E0B4A84006451C7 /* Images.xcassets in Resources */ = {isa = PBXBuildFile; fileRef = 13B07FB51A68108700A75B9A /* Images.xcassets */; };
		2D02E4BF1E0B4AB3006451C7 /* main.m in Sources */ = {isa = PBXBuildFile; fileRef = 13B07FB71A68108700A75B9A /* main.m */; };
		2D59FD8D3B2045D085F15E68 /* Foundation.ttf in Resources */ = {isa = PBXBuildFile; fileRef = 446ABE9D713F46FDB1C1606A /* Foundation.ttf */; };
		2DCD954D1E0B4F2C00145EB5 /* juan_ted_uiTests.m in Sources */ = {isa = PBXBuildFile; fileRef = 00E356F21AD99517003FC87E /* juan_ted_uiTests.m */; };
		3B1AEED9C076384A15964FB9 /* Pods_juan_ted_ui.framework in Frameworks */ = {isa = PBXBuildFile; fileRef = 954F4AAA65487FBD88D8D598 /* Pods_juan_ted_ui.framework */; };
		467957C5EDEC475583BD3149 /* FontAwesome5_Brands.ttf in Resources */ = {isa = PBXBuildFile; fileRef = A9D399B93478408FA4546D3E /* FontAwesome5_Brands.ttf */; };
		49F8F63F44AC4A1187091F93 /* FontAwesome.ttf in Resources */ = {isa = PBXBuildFile; fileRef = 06C0DD6460E94C6C95E81912 /* FontAwesome.ttf */; };
		63131C07C48EC07FD8363247 /* libPods-juan_ted_ui-tvOS.a in Frameworks */ = {isa = PBXBuildFile; fileRef = 4F018D91FABC654E0A5B7B5B /* libPods-juan_ted_ui-tvOS.a */; };
		6C59421CA80345BCAD4BF3AA /* MaterialIcons.ttf in Resources */ = {isa = PBXBuildFile; fileRef = 582B55FE89034CC388D98A19 /* MaterialIcons.ttf */; };
		90D17E2CA22B4959B257C2D2 /* MaterialCommunityIcons.ttf in Resources */ = {isa = PBXBuildFile; fileRef = 657145A2D3D849659FDC4E8A /* MaterialCommunityIcons.ttf */; };
		93C1FE0007A84BBEB980E84B /* Feather.ttf in Resources */ = {isa = PBXBuildFile; fileRef = C1043FA83FD34BADAC8F1CDB /* Feather.ttf */; };
		A11CC2C024B88B5A00C4A1D2 /* Default-568h@2x.png in Resources */ = {isa = PBXBuildFile; fileRef = A11CC2BF24B88B5A00C4A1D2 /* Default-568h@2x.png */; };
		A1FE693424A050DF001CF0C9 /* AIRDummyView.m in Sources */ = {isa = PBXBuildFile; fileRef = A1FE68FE24A050DF001CF0C9 /* AIRDummyView.m */; };
		A1FE693524A050DF001CF0C9 /* AIRGoogleMapUrlTile.m in Sources */ = {isa = PBXBuildFile; fileRef = A1FE690224A050DF001CF0C9 /* AIRGoogleMapUrlTile.m */; };
		A1FE693624A050DF001CF0C9 /* AIRGoogleMapPolygonManager.m in Sources */ = {isa = PBXBuildFile; fileRef = A1FE690524A050DF001CF0C9 /* AIRGoogleMapPolygonManager.m */; };
		A1FE693724A050DF001CF0C9 /* AIRGoogleMapMarker.m in Sources */ = {isa = PBXBuildFile; fileRef = A1FE690824A050DF001CF0C9 /* AIRGoogleMapMarker.m */; };
		A1FE693824A050DF001CF0C9 /* AIRGMSPolygon.m in Sources */ = {isa = PBXBuildFile; fileRef = A1FE690C24A050DF001CF0C9 /* AIRGMSPolygon.m */; };
		A1FE693924A050DF001CF0C9 /* AIRGoogleMapURLTileManager.m in Sources */ = {isa = PBXBuildFile; fileRef = A1FE690D24A050DF001CF0C9 /* AIRGoogleMapURLTileManager.m */; };
		A1FE693A24A050DF001CF0C9 /* AIRGoogleMapWMSTileManager.m in Sources */ = {isa = PBXBuildFile; fileRef = A1FE690E24A050DF001CF0C9 /* AIRGoogleMapWMSTileManager.m */; };
		A1FE693B24A050DF001CF0C9 /* AIRGoogleMapCircle.m in Sources */ = {isa = PBXBuildFile; fileRef = A1FE690F24A050DF001CF0C9 /* AIRGoogleMapCircle.m */; };
		A1FE693C24A050DF001CF0C9 /* AIRGoogleMapCircleManager.m in Sources */ = {isa = PBXBuildFile; fileRef = A1FE691724A050DF001CF0C9 /* AIRGoogleMapCircleManager.m */; };
		A1FE693D24A050DF001CF0C9 /* AIRGoogleMapCalloutManager.m in Sources */ = {isa = PBXBuildFile; fileRef = A1FE691924A050DF001CF0C9 /* AIRGoogleMapCalloutManager.m */; };
		A1FE693E24A050DF001CF0C9 /* AIRGoogleMapMarkerManager.m in Sources */ = {isa = PBXBuildFile; fileRef = A1FE691A24A050DF001CF0C9 /* AIRGoogleMapMarkerManager.m */; };
		A1FE693F24A050DF001CF0C9 /* AIRGoogleMapPolyline.m in Sources */ = {isa = PBXBuildFile; fileRef = A1FE691C24A050DF001CF0C9 /* AIRGoogleMapPolyline.m */; };
		A1FE694124A050DF001CF0C9 /* AIRGoogleMapWMSTile.m in Sources */ = {isa = PBXBuildFile; fileRef = A1FE691E24A050DF001CF0C9 /* AIRGoogleMapWMSTile.m */; };
		A1FE694224A050DF001CF0C9 /* AIRGoogleMapOverlay.m in Sources */ = {isa = PBXBuildFile; fileRef = A1FE692124A050DF001CF0C9 /* AIRGoogleMapOverlay.m */; };
		A1FE694324A050DF001CF0C9 /* AIRGMSPolyline.m in Sources */ = {isa = PBXBuildFile; fileRef = A1FE692224A050DF001CF0C9 /* AIRGMSPolyline.m */; };
		A1FE694424A050DF001CF0C9 /* AIRGoogleMapPolylineManager.m in Sources */ = {isa = PBXBuildFile; fileRef = A1FE692324A050DF001CF0C9 /* AIRGoogleMapPolylineManager.m */; };
		A1FE694524A050DF001CF0C9 /* AIRGoogleMapManager.m in Sources */ = {isa = PBXBuildFile; fileRef = A1FE692424A050DF001CF0C9 /* AIRGoogleMapManager.m */; };
		A1FE694624A050DF001CF0C9 /* RCTConvert+GMSMapViewType.m in Sources */ = {isa = PBXBuildFile; fileRef = A1FE692724A050DF001CF0C9 /* RCTConvert+GMSMapViewType.m */; };
		A1FE694724A050DF001CF0C9 /* AIRGoogleMapCalloutSubviewManager.m in Sources */ = {isa = PBXBuildFile; fileRef = A1FE692824A050DF001CF0C9 /* AIRGoogleMapCalloutSubviewManager.m */; };
		A1FE694824A050DF001CF0C9 /* AIRGoogleMapCallout.m in Sources */ = {isa = PBXBuildFile; fileRef = A1FE692924A050DF001CF0C9 /* AIRGoogleMapCallout.m */; };
		A1FE694924A050DF001CF0C9 /* AIRGoogleMapOverlayManager.m in Sources */ = {isa = PBXBuildFile; fileRef = A1FE692A24A050DF001CF0C9 /* AIRGoogleMapOverlayManager.m */; };
		A1FE694B24A050DF001CF0C9 /* AIRGoogleMap.m in Sources */ = {isa = PBXBuildFile; fileRef = A1FE692C24A050DF001CF0C9 /* AIRGoogleMap.m */; };
		A1FE694C24A050DF001CF0C9 /* AIRGoogleMapPolygon.m in Sources */ = {isa = PBXBuildFile; fileRef = A1FE693124A050DF001CF0C9 /* AIRGoogleMapPolygon.m */; };
		A1FE694D24A050DF001CF0C9 /* AIRGMSMarker.m in Sources */ = {isa = PBXBuildFile; fileRef = A1FE693224A050DF001CF0C9 /* AIRGMSMarker.m */; };
		A1FE694E24A050DF001CF0C9 /* AIRGoogleMapCalloutSubview.m in Sources */ = {isa = PBXBuildFile; fileRef = A1FE693324A050DF001CF0C9 /* AIRGoogleMapCalloutSubview.m */; };
		BA6BE062D0BF4DD89D4447D4 /* FontAwesome5_Regular.ttf in Resources */ = {isa = PBXBuildFile; fileRef = 8B723E0568EF45ACBDABB7F9 /* FontAwesome5_Regular.ttf */; };
		C7047B8B008C416B8EED5E61 /* Octicons.ttf in Resources */ = {isa = PBXBuildFile; fileRef = 28CBBB34AF8A43C58A41E001 /* Octicons.ttf */; };
		CF057DE98588231B8A06F9C2 /* Pods_juan_ted_uiTests.framework in Frameworks */ = {isa = PBXBuildFile; fileRef = 35B65787DB38A679A6312E29 /* Pods_juan_ted_uiTests.framework */; };
		D05A7FFB2E6248BDAD77D80A /* Entypo.ttf in Resources */ = {isa = PBXBuildFile; fileRef = E7416EF956794A10B73B780B /* Entypo.ttf */; };
		DCDE0B83F97F45DC8D104F7C /* Zocial.ttf in Resources */ = {isa = PBXBuildFile; fileRef = C3C67FF5E5524F4E949F294D /* Zocial.ttf */; };
		E0AB644719AB4C5DA12669C2 /* Ionicons.ttf in Resources */ = {isa = PBXBuildFile; fileRef = 538E6DADDD60462BB9BCE7A1 /* Ionicons.ttf */; };
		E449B1DF75224DB384D3C0DB /* FontAwesome5_Solid.ttf in Resources */ = {isa = PBXBuildFile; fileRef = 37786597F7744A48BEEB58A3 /* FontAwesome5_Solid.ttf */; };
		E4D6B4A984B74916BE42A64B /* Fontisto.ttf in Resources */ = {isa = PBXBuildFile; fileRef = 10F3D25C4DCE4C78AF9E7B55 /* Fontisto.ttf */; };
		F59C202213D842718DC76925 /* EvilIcons.ttf in Resources */ = {isa = PBXBuildFile; fileRef = CD3E3F9462FE4E0AB0C07E1A /* EvilIcons.ttf */; };
/* End PBXBuildFile section */

/* Begin PBXContainerItemProxy section */
		00E356F41AD99517003FC87E /* PBXContainerItemProxy */ = {
			isa = PBXContainerItemProxy;
			containerPortal = 83CBB9F71A601CBA00E9B192 /* Project object */;
			proxyType = 1;
			remoteGlobalIDString = 13B07F861A680F5B00A75B9A;
			remoteInfo = juan_ted_ui;
		};
		2D02E4911E0B4A5D006451C7 /* PBXContainerItemProxy */ = {
			isa = PBXContainerItemProxy;
			containerPortal = 83CBB9F71A601CBA00E9B192 /* Project object */;
			proxyType = 1;
			remoteGlobalIDString = 2D02E47A1E0B4A5D006451C7;
			remoteInfo = "juan_ted_ui-tvOS";
		};
/* End PBXContainerItemProxy section */

/* Begin PBXFileReference section */
		008F07F21AC5B25A0029DE68 /* main.jsbundle */ = {isa = PBXFileReference; fileEncoding = 4; lastKnownFileType = text; path = main.jsbundle; sourceTree = "<group>"; };
		00E356EE1AD99517003FC87E /* juan_ted_uiTests.xctest */ = {isa = PBXFileReference; explicitFileType = wrapper.cfbundle; includeInIndex = 0; path = juan_ted_uiTests.xctest; sourceTree = BUILT_PRODUCTS_DIR; };
		00E356F11AD99517003FC87E /* Info.plist */ = {isa = PBXFileReference; lastKnownFileType = text.plist.xml; path = Info.plist; sourceTree = "<group>"; };
		00E356F21AD99517003FC87E /* juan_ted_uiTests.m */ = {isa = PBXFileReference; lastKnownFileType = sourcecode.c.objc; path = juan_ted_uiTests.m; sourceTree = "<group>"; };
		06C0DD6460E94C6C95E81912 /* FontAwesome.ttf */ = {isa = PBXFileReference; explicitFileType = undefined; fileEncoding = 9; includeInIndex = 0; lastKnownFileType = unknown; name = FontAwesome.ttf; path = "../node_modules/react-native-vector-icons/Fonts/FontAwesome.ttf"; sourceTree = "<group>"; };
		10F3D25C4DCE4C78AF9E7B55 /* Fontisto.ttf */ = {isa = PBXFileReference; explicitFileType = undefined; fileEncoding = 9; includeInIndex = 0; lastKnownFileType = unknown; name = Fontisto.ttf; path = "../node_modules/react-native-vector-icons/Fonts/Fontisto.ttf"; sourceTree = "<group>"; };
		13B07F961A680F5B00A75B9A /* lokal.app */ = {isa = PBXFileReference; explicitFileType = wrapper.application; includeInIndex = 0; path = lokal.app; sourceTree = BUILT_PRODUCTS_DIR; };
		13B07FAF1A68108700A75B9A /* AppDelegate.h */ = {isa = PBXFileReference; fileEncoding = 4; lastKnownFileType = sourcecode.c.h; name = AppDelegate.h; path = juan_ted_ui/AppDelegate.h; sourceTree = "<group>"; };
		13B07FB01A68108700A75B9A /* AppDelegate.m */ = {isa = PBXFileReference; fileEncoding = 4; lastKnownFileType = sourcecode.c.objc; name = AppDelegate.m; path = juan_ted_ui/AppDelegate.m; sourceTree = "<group>"; };
		13B07FB21A68108700A75B9A /* Base */ = {isa = PBXFileReference; lastKnownFileType = file.xib; name = Base; path = Base.lproj/LaunchScreen.xib; sourceTree = "<group>"; };
		13B07FB51A68108700A75B9A /* Images.xcassets */ = {isa = PBXFileReference; lastKnownFileType = folder.assetcatalog; name = Images.xcassets; path = juan_ted_ui/Images.xcassets; sourceTree = "<group>"; };
		13B07FB61A68108700A75B9A /* Info.plist */ = {isa = PBXFileReference; fileEncoding = 4; lastKnownFileType = text.plist.xml; name = Info.plist; path = juan_ted_ui/Info.plist; sourceTree = "<group>"; };
		13B07FB71A68108700A75B9A /* main.m */ = {isa = PBXFileReference; fileEncoding = 4; lastKnownFileType = sourcecode.c.objc; name = main.m; path = juan_ted_ui/main.m; sourceTree = "<group>"; };
		28CBBB34AF8A43C58A41E001 /* Octicons.ttf */ = {isa = PBXFileReference; explicitFileType = undefined; fileEncoding = 9; includeInIndex = 0; lastKnownFileType = unknown; name = Octicons.ttf; path = "../node_modules/react-native-vector-icons/Fonts/Octicons.ttf"; sourceTree = "<group>"; };
		2D02E47B1E0B4A5D006451C7 /* juan_ted_ui-tvOS.app */ = {isa = PBXFileReference; explicitFileType = wrapper.application; includeInIndex = 0; path = "juan_ted_ui-tvOS.app"; sourceTree = BUILT_PRODUCTS_DIR; };
		2D02E4901E0B4A5D006451C7 /* juan_ted_ui-tvOSTests.xctest */ = {isa = PBXFileReference; explicitFileType = wrapper.cfbundle; includeInIndex = 0; path = "juan_ted_ui-tvOSTests.xctest"; sourceTree = BUILT_PRODUCTS_DIR; };
		35B65787DB38A679A6312E29 /* Pods_juan_ted_uiTests.framework */ = {isa = PBXFileReference; explicitFileType = wrapper.framework; includeInIndex = 0; path = Pods_juan_ted_uiTests.framework; sourceTree = BUILT_PRODUCTS_DIR; };
		36F43034CD620F2498D7A00B /* Pods-juan_ted_ui-tvOSTests.release.xcconfig */ = {isa = PBXFileReference; includeInIndex = 1; lastKnownFileType = text.xcconfig; name = "Pods-juan_ted_ui-tvOSTests.release.xcconfig"; path = "Target Support Files/Pods-juan_ted_ui-tvOSTests/Pods-juan_ted_ui-tvOSTests.release.xcconfig"; sourceTree = "<group>"; };
		37786597F7744A48BEEB58A3 /* FontAwesome5_Solid.ttf */ = {isa = PBXFileReference; explicitFileType = undefined; fileEncoding = 9; includeInIndex = 0; lastKnownFileType = unknown; name = FontAwesome5_Solid.ttf; path = "../node_modules/react-native-vector-icons/Fonts/FontAwesome5_Solid.ttf"; sourceTree = "<group>"; };
		41D4E55725E6BE6FA56F94C2 /* libPods-juan_ted_ui-tvOSTests.a */ = {isa = PBXFileReference; explicitFileType = archive.ar; includeInIndex = 0; path = "libPods-juan_ted_ui-tvOSTests.a"; sourceTree = BUILT_PRODUCTS_DIR; };
		446ABE9D713F46FDB1C1606A /* Foundation.ttf */ = {isa = PBXFileReference; explicitFileType = undefined; fileEncoding = 9; includeInIndex = 0; lastKnownFileType = unknown; name = Foundation.ttf; path = "../node_modules/react-native-vector-icons/Fonts/Foundation.ttf"; sourceTree = "<group>"; };
		4F018D91FABC654E0A5B7B5B /* libPods-juan_ted_ui-tvOS.a */ = {isa = PBXFileReference; explicitFileType = archive.ar; includeInIndex = 0; path = "libPods-juan_ted_ui-tvOS.a"; sourceTree = BUILT_PRODUCTS_DIR; };
		538E6DADDD60462BB9BCE7A1 /* Ionicons.ttf */ = {isa = PBXFileReference; explicitFileType = undefined; fileEncoding = 9; includeInIndex = 0; lastKnownFileType = unknown; name = Ionicons.ttf; path = "../node_modules/react-native-vector-icons/Fonts/Ionicons.ttf"; sourceTree = "<group>"; };
		554C7DAA15444AA4A51E3457 /* AntDesign.ttf */ = {isa = PBXFileReference; explicitFileType = undefined; fileEncoding = 9; includeInIndex = 0; lastKnownFileType = unknown; name = AntDesign.ttf; path = "../node_modules/react-native-vector-icons/Fonts/AntDesign.ttf"; sourceTree = "<group>"; };
		582B55FE89034CC388D98A19 /* MaterialIcons.ttf */ = {isa = PBXFileReference; explicitFileType = undefined; fileEncoding = 9; includeInIndex = 0; lastKnownFileType = unknown; name = MaterialIcons.ttf; path = "../node_modules/react-native-vector-icons/Fonts/MaterialIcons.ttf"; sourceTree = "<group>"; };
		59C42EE653050A2A2AEFB9F8 /* Pods-juan_ted_uiTests.debug.xcconfig */ = {isa = PBXFileReference; includeInIndex = 1; lastKnownFileType = text.xcconfig; name = "Pods-juan_ted_uiTests.debug.xcconfig"; path = "Target Support Files/Pods-juan_ted_uiTests/Pods-juan_ted_uiTests.debug.xcconfig"; sourceTree = "<group>"; };
		60319DE6B6CA4834AE4700F7 /* SimpleLineIcons.ttf */ = {isa = PBXFileReference; explicitFileType = undefined; fileEncoding = 9; includeInIndex = 0; lastKnownFileType = unknown; name = SimpleLineIcons.ttf; path = "../node_modules/react-native-vector-icons/Fonts/SimpleLineIcons.ttf"; sourceTree = "<group>"; };
		657145A2D3D849659FDC4E8A /* MaterialCommunityIcons.ttf */ = {isa = PBXFileReference; explicitFileType = undefined; fileEncoding = 9; includeInIndex = 0; lastKnownFileType = unknown; name = MaterialCommunityIcons.ttf; path = "../node_modules/react-native-vector-icons/Fonts/MaterialCommunityIcons.ttf"; sourceTree = "<group>"; };
		6F354B205A507271DE14696E /* Pods-juan_ted_ui-tvOS.debug.xcconfig */ = {isa = PBXFileReference; includeInIndex = 1; lastKnownFileType = text.xcconfig; name = "Pods-juan_ted_ui-tvOS.debug.xcconfig"; path = "Target Support Files/Pods-juan_ted_ui-tvOS/Pods-juan_ted_ui-tvOS.debug.xcconfig"; sourceTree = "<group>"; };
		7FF02E317CD58CD8525B0798 /* Pods-juan_ted_uiTests.release.xcconfig */ = {isa = PBXFileReference; includeInIndex = 1; lastKnownFileType = text.xcconfig; name = "Pods-juan_ted_uiTests.release.xcconfig"; path = "Target Support Files/Pods-juan_ted_uiTests/Pods-juan_ted_uiTests.release.xcconfig"; sourceTree = "<group>"; };
		8B723E0568EF45ACBDABB7F9 /* FontAwesome5_Regular.ttf */ = {isa = PBXFileReference; explicitFileType = undefined; fileEncoding = 9; includeInIndex = 0; lastKnownFileType = unknown; name = FontAwesome5_Regular.ttf; path = "../node_modules/react-native-vector-icons/Fonts/FontAwesome5_Regular.ttf"; sourceTree = "<group>"; };
		954F4AAA65487FBD88D8D598 /* Pods_juan_ted_ui.framework */ = {isa = PBXFileReference; explicitFileType = wrapper.framework; includeInIndex = 0; path = Pods_juan_ted_ui.framework; sourceTree = BUILT_PRODUCTS_DIR; };
		A11CC2BF24B88B5A00C4A1D2 /* Default-568h@2x.png */ = {isa = PBXFileReference; lastKnownFileType = image.png; path = "Default-568h@2x.png"; sourceTree = "<group>"; };
		A1E12D5924D4E98700080133 /* Accelerate.framework */ = {isa = PBXFileReference; lastKnownFileType = wrapper.framework; name = Accelerate.framework; path = System/Library/Frameworks/Accelerate.framework; sourceTree = SDKROOT; };
		A1E12D5B24D4EE3B00080133 /* GoogleMapsUtils.framework */ = {isa = PBXFileReference; explicitFileType = wrapper.framework; path = GoogleMapsUtils.framework; sourceTree = BUILT_PRODUCTS_DIR; };
		A1FE68FE24A050DF001CF0C9 /* AIRDummyView.m */ = {isa = PBXFileReference; fileEncoding = 4; lastKnownFileType = sourcecode.c.objc; path = AIRDummyView.m; sourceTree = "<group>"; };
		A1FE68FF24A050DF001CF0C9 /* AIRGoogleMapWMSTile.h */ = {isa = PBXFileReference; fileEncoding = 4; lastKnownFileType = sourcecode.c.h; path = AIRGoogleMapWMSTile.h; sourceTree = "<group>"; };
		A1FE690024A050DF001CF0C9 /* AIRGoogleMapPolyline.h */ = {isa = PBXFileReference; fileEncoding = 4; lastKnownFileType = sourcecode.c.h; path = AIRGoogleMapPolyline.h; sourceTree = "<group>"; };
		A1FE690224A050DF001CF0C9 /* AIRGoogleMapUrlTile.m */ = {isa = PBXFileReference; fileEncoding = 4; lastKnownFileType = sourcecode.c.objc; path = AIRGoogleMapUrlTile.m; sourceTree = "<group>"; };
		A1FE690324A050DF001CF0C9 /* AIRGoogleMapMarkerManager.h */ = {isa = PBXFileReference; fileEncoding = 4; lastKnownFileType = sourcecode.c.h; path = AIRGoogleMapMarkerManager.h; sourceTree = "<group>"; };
		A1FE690424A050DF001CF0C9 /* AIRGoogleMapCalloutManager.h */ = {isa = PBXFileReference; fileEncoding = 4; lastKnownFileType = sourcecode.c.h; path = AIRGoogleMapCalloutManager.h; sourceTree = "<group>"; };
		A1FE690524A050DF001CF0C9 /* AIRGoogleMapPolygonManager.m */ = {isa = PBXFileReference; fileEncoding = 4; lastKnownFileType = sourcecode.c.objc; path = AIRGoogleMapPolygonManager.m; sourceTree = "<group>"; };
		A1FE690624A050DF001CF0C9 /* RCTConvert+GMSMapViewType.h */ = {isa = PBXFileReference; fileEncoding = 4; lastKnownFileType = sourcecode.c.h; path = "RCTConvert+GMSMapViewType.h"; sourceTree = "<group>"; };
		A1FE690724A050DF001CF0C9 /* AIRGoogleMapManager.h */ = {isa = PBXFileReference; fileEncoding = 4; lastKnownFileType = sourcecode.c.h; path = AIRGoogleMapManager.h; sourceTree = "<group>"; };
		A1FE690824A050DF001CF0C9 /* AIRGoogleMapMarker.m */ = {isa = PBXFileReference; fileEncoding = 4; lastKnownFileType = sourcecode.c.objc; path = AIRGoogleMapMarker.m; sourceTree = "<group>"; };
		A1FE690924A050DF001CF0C9 /* AIRGMSPolyline.h */ = {isa = PBXFileReference; fileEncoding = 4; lastKnownFileType = sourcecode.c.h; path = AIRGMSPolyline.h; sourceTree = "<group>"; };
		A1FE690A24A050DF001CF0C9 /* AIRGoogleMapPolylineManager.h */ = {isa = PBXFileReference; fileEncoding = 4; lastKnownFileType = sourcecode.c.h; path = AIRGoogleMapPolylineManager.h; sourceTree = "<group>"; };
		A1FE690B24A050DF001CF0C9 /* AIRGoogleMapOverlay.h */ = {isa = PBXFileReference; fileEncoding = 4; lastKnownFileType = sourcecode.c.h; path = AIRGoogleMapOverlay.h; sourceTree = "<group>"; };
		A1FE690C24A050DF001CF0C9 /* AIRGMSPolygon.m */ = {isa = PBXFileReference; fileEncoding = 4; lastKnownFileType = sourcecode.c.objc; path = AIRGMSPolygon.m; sourceTree = "<group>"; };
		A1FE690D24A050DF001CF0C9 /* AIRGoogleMapURLTileManager.m */ = {isa = PBXFileReference; fileEncoding = 4; lastKnownFileType = sourcecode.c.objc; path = AIRGoogleMapURLTileManager.m; sourceTree = "<group>"; };
		A1FE690E24A050DF001CF0C9 /* AIRGoogleMapWMSTileManager.m */ = {isa = PBXFileReference; fileEncoding = 4; lastKnownFileType = sourcecode.c.objc; path = AIRGoogleMapWMSTileManager.m; sourceTree = "<group>"; };
		A1FE690F24A050DF001CF0C9 /* AIRGoogleMapCircle.m */ = {isa = PBXFileReference; fileEncoding = 4; lastKnownFileType = sourcecode.c.objc; path = AIRGoogleMapCircle.m; sourceTree = "<group>"; };
		A1FE691024A050DF001CF0C9 /* AIRGoogleMap.h */ = {isa = PBXFileReference; fileEncoding = 4; lastKnownFileType = sourcecode.c.h; path = AIRGoogleMap.h; sourceTree = "<group>"; };
		A1FE691224A050DF001CF0C9 /* AIRGoogleMapOverlayManager.h */ = {isa = PBXFileReference; fileEncoding = 4; lastKnownFileType = sourcecode.c.h; path = AIRGoogleMapOverlayManager.h; sourceTree = "<group>"; };
		A1FE691324A050DF001CF0C9 /* AIRGoogleMapCallout.h */ = {isa = PBXFileReference; fileEncoding = 4; lastKnownFileType = sourcecode.c.h; path = AIRGoogleMapCallout.h; sourceTree = "<group>"; };
		A1FE691424A050DF001CF0C9 /* AIRGoogleMapCalloutSubviewManager.h */ = {isa = PBXFileReference; fileEncoding = 4; lastKnownFileType = sourcecode.c.h; path = AIRGoogleMapCalloutSubviewManager.h; sourceTree = "<group>"; };
		A1FE691524A050DF001CF0C9 /* AIRGoogleMapCalloutSubview.h */ = {isa = PBXFileReference; fileEncoding = 4; lastKnownFileType = sourcecode.c.h; path = AIRGoogleMapCalloutSubview.h; sourceTree = "<group>"; };
		A1FE691624A050DF001CF0C9 /* AIRGMSMarker.h */ = {isa = PBXFileReference; fileEncoding = 4; lastKnownFileType = sourcecode.c.h; path = AIRGMSMarker.h; sourceTree = "<group>"; };
		A1FE691724A050DF001CF0C9 /* AIRGoogleMapCircleManager.m */ = {isa = PBXFileReference; fileEncoding = 4; lastKnownFileType = sourcecode.c.objc; path = AIRGoogleMapCircleManager.m; sourceTree = "<group>"; };
		A1FE691824A050DF001CF0C9 /* AIRGoogleMapPolygon.h */ = {isa = PBXFileReference; fileEncoding = 4; lastKnownFileType = sourcecode.c.h; path = AIRGoogleMapPolygon.h; sourceTree = "<group>"; };
		A1FE691924A050DF001CF0C9 /* AIRGoogleMapCalloutManager.m */ = {isa = PBXFileReference; fileEncoding = 4; lastKnownFileType = sourcecode.c.objc; path = AIRGoogleMapCalloutManager.m; sourceTree = "<group>"; };
		A1FE691A24A050DF001CF0C9 /* AIRGoogleMapMarkerManager.m */ = {isa = PBXFileReference; fileEncoding = 4; lastKnownFileType = sourcecode.c.objc; path = AIRGoogleMapMarkerManager.m; sourceTree = "<group>"; };
		A1FE691B24A050DF001CF0C9 /* AIRGoogleMapUrlTile.h */ = {isa = PBXFileReference; fileEncoding = 4; lastKnownFileType = sourcecode.c.h; path = AIRGoogleMapUrlTile.h; sourceTree = "<group>"; };
		A1FE691C24A050DF001CF0C9 /* AIRGoogleMapPolyline.m */ = {isa = PBXFileReference; fileEncoding = 4; lastKnownFileType = sourcecode.c.objc; path = AIRGoogleMapPolyline.m; sourceTree = "<group>"; };
		A1FE691E24A050DF001CF0C9 /* AIRGoogleMapWMSTile.m */ = {isa = PBXFileReference; fileEncoding = 4; lastKnownFileType = sourcecode.c.objc; path = AIRGoogleMapWMSTile.m; sourceTree = "<group>"; };
		A1FE691F24A050DF001CF0C9 /* AIRDummyView.h */ = {isa = PBXFileReference; fileEncoding = 4; lastKnownFileType = sourcecode.c.h; path = AIRDummyView.h; sourceTree = "<group>"; };
		A1FE692024A050DF001CF0C9 /* AIRGMSPolygon.h */ = {isa = PBXFileReference; fileEncoding = 4; lastKnownFileType = sourcecode.c.h; path = AIRGMSPolygon.h; sourceTree = "<group>"; };
		A1FE692124A050DF001CF0C9 /* AIRGoogleMapOverlay.m */ = {isa = PBXFileReference; fileEncoding = 4; lastKnownFileType = sourcecode.c.objc; path = AIRGoogleMapOverlay.m; sourceTree = "<group>"; };
		A1FE692224A050DF001CF0C9 /* AIRGMSPolyline.m */ = {isa = PBXFileReference; fileEncoding = 4; lastKnownFileType = sourcecode.c.objc; path = AIRGMSPolyline.m; sourceTree = "<group>"; };
		A1FE692324A050DF001CF0C9 /* AIRGoogleMapPolylineManager.m */ = {isa = PBXFileReference; fileEncoding = 4; lastKnownFileType = sourcecode.c.objc; path = AIRGoogleMapPolylineManager.m; sourceTree = "<group>"; };
		A1FE692424A050DF001CF0C9 /* AIRGoogleMapManager.m */ = {isa = PBXFileReference; fileEncoding = 4; lastKnownFileType = sourcecode.c.objc; path = AIRGoogleMapManager.m; sourceTree = "<group>"; };
		A1FE692524A050DF001CF0C9 /* AIRGoogleMapMarker.h */ = {isa = PBXFileReference; fileEncoding = 4; lastKnownFileType = sourcecode.c.h; path = AIRGoogleMapMarker.h; sourceTree = "<group>"; };
		A1FE692624A050DF001CF0C9 /* AIRGoogleMapPolygonManager.h */ = {isa = PBXFileReference; fileEncoding = 4; lastKnownFileType = sourcecode.c.h; path = AIRGoogleMapPolygonManager.h; sourceTree = "<group>"; };
		A1FE692724A050DF001CF0C9 /* RCTConvert+GMSMapViewType.m */ = {isa = PBXFileReference; fileEncoding = 4; lastKnownFileType = sourcecode.c.objc; path = "RCTConvert+GMSMapViewType.m"; sourceTree = "<group>"; };
		A1FE692824A050DF001CF0C9 /* AIRGoogleMapCalloutSubviewManager.m */ = {isa = PBXFileReference; fileEncoding = 4; lastKnownFileType = sourcecode.c.objc; path = AIRGoogleMapCalloutSubviewManager.m; sourceTree = "<group>"; };
		A1FE692924A050DF001CF0C9 /* AIRGoogleMapCallout.m */ = {isa = PBXFileReference; fileEncoding = 4; lastKnownFileType = sourcecode.c.objc; path = AIRGoogleMapCallout.m; sourceTree = "<group>"; };
		A1FE692A24A050DF001CF0C9 /* AIRGoogleMapOverlayManager.m */ = {isa = PBXFileReference; fileEncoding = 4; lastKnownFileType = sourcecode.c.objc; path = AIRGoogleMapOverlayManager.m; sourceTree = "<group>"; };
		A1FE692C24A050DF001CF0C9 /* AIRGoogleMap.m */ = {isa = PBXFileReference; fileEncoding = 4; lastKnownFileType = sourcecode.c.objc; path = AIRGoogleMap.m; sourceTree = "<group>"; };
		A1FE692D24A050DF001CF0C9 /* AIRGoogleMapCircle.h */ = {isa = PBXFileReference; fileEncoding = 4; lastKnownFileType = sourcecode.c.h; path = AIRGoogleMapCircle.h; sourceTree = "<group>"; };
		A1FE692E24A050DF001CF0C9 /* AIRGoogleMapWMSTileManager.h */ = {isa = PBXFileReference; fileEncoding = 4; lastKnownFileType = sourcecode.c.h; path = AIRGoogleMapWMSTileManager.h; sourceTree = "<group>"; };
		A1FE692F24A050DF001CF0C9 /* AIRGoogleMapUrlTileManager.h */ = {isa = PBXFileReference; fileEncoding = 4; lastKnownFileType = sourcecode.c.h; path = AIRGoogleMapUrlTileManager.h; sourceTree = "<group>"; };
		A1FE693024A050DF001CF0C9 /* AIRGoogleMapCircleManager.h */ = {isa = PBXFileReference; fileEncoding = 4; lastKnownFileType = sourcecode.c.h; path = AIRGoogleMapCircleManager.h; sourceTree = "<group>"; };
		A1FE693124A050DF001CF0C9 /* AIRGoogleMapPolygon.m */ = {isa = PBXFileReference; fileEncoding = 4; lastKnownFileType = sourcecode.c.objc; path = AIRGoogleMapPolygon.m; sourceTree = "<group>"; };
		A1FE693224A050DF001CF0C9 /* AIRGMSMarker.m */ = {isa = PBXFileReference; fileEncoding = 4; lastKnownFileType = sourcecode.c.objc; path = AIRGMSMarker.m; sourceTree = "<group>"; };
		A1FE693324A050DF001CF0C9 /* AIRGoogleMapCalloutSubview.m */ = {isa = PBXFileReference; fileEncoding = 4; lastKnownFileType = sourcecode.c.objc; path = AIRGoogleMapCalloutSubview.m; sourceTree = "<group>"; };
		A9D399B93478408FA4546D3E /* FontAwesome5_Brands.ttf */ = {isa = PBXFileReference; explicitFileType = undefined; fileEncoding = 9; includeInIndex = 0; lastKnownFileType = unknown; name = FontAwesome5_Brands.ttf; path = "../node_modules/react-native-vector-icons/Fonts/FontAwesome5_Brands.ttf"; sourceTree = "<group>"; };
		BD9332F2EDCF81087893A662 /* Pods-juan_ted_ui.release.xcconfig */ = {isa = PBXFileReference; includeInIndex = 1; lastKnownFileType = text.xcconfig; name = "Pods-juan_ted_ui.release.xcconfig"; path = "Target Support Files/Pods-juan_ted_ui/Pods-juan_ted_ui.release.xcconfig"; sourceTree = "<group>"; };
		C1043FA83FD34BADAC8F1CDB /* Feather.ttf */ = {isa = PBXFileReference; explicitFileType = undefined; fileEncoding = 9; includeInIndex = 0; lastKnownFileType = unknown; name = Feather.ttf; path = "../node_modules/react-native-vector-icons/Fonts/Feather.ttf"; sourceTree = "<group>"; };
		C3C67FF5E5524F4E949F294D /* Zocial.ttf */ = {isa = PBXFileReference; explicitFileType = undefined; fileEncoding = 9; includeInIndex = 0; lastKnownFileType = unknown; name = Zocial.ttf; path = "../node_modules/react-native-vector-icons/Fonts/Zocial.ttf"; sourceTree = "<group>"; };
		CD3E3F9462FE4E0AB0C07E1A /* EvilIcons.ttf */ = {isa = PBXFileReference; explicitFileType = undefined; fileEncoding = 9; includeInIndex = 0; lastKnownFileType = unknown; name = EvilIcons.ttf; path = "../node_modules/react-native-vector-icons/Fonts/EvilIcons.ttf"; sourceTree = "<group>"; };
		DCCA2AF8EE9A160356BCAFC9 /* Pods-juan_ted_ui-tvOSTests.debug.xcconfig */ = {isa = PBXFileReference; includeInIndex = 1; lastKnownFileType = text.xcconfig; name = "Pods-juan_ted_ui-tvOSTests.debug.xcconfig"; path = "Target Support Files/Pods-juan_ted_ui-tvOSTests/Pods-juan_ted_ui-tvOSTests.debug.xcconfig"; sourceTree = "<group>"; };
		E7416EF956794A10B73B780B /* Entypo.ttf */ = {isa = PBXFileReference; explicitFileType = undefined; fileEncoding = 9; includeInIndex = 0; lastKnownFileType = unknown; name = Entypo.ttf; path = "../node_modules/react-native-vector-icons/Fonts/Entypo.ttf"; sourceTree = "<group>"; };
		E98E23F90461A06D57069A4A /* Pods-juan_ted_ui-tvOS.release.xcconfig */ = {isa = PBXFileReference; includeInIndex = 1; lastKnownFileType = text.xcconfig; name = "Pods-juan_ted_ui-tvOS.release.xcconfig"; path = "Target Support Files/Pods-juan_ted_ui-tvOS/Pods-juan_ted_ui-tvOS.release.xcconfig"; sourceTree = "<group>"; };
		ED297162215061F000B7C4FE /* JavaScriptCore.framework */ = {isa = PBXFileReference; lastKnownFileType = wrapper.framework; name = JavaScriptCore.framework; path = System/Library/Frameworks/JavaScriptCore.framework; sourceTree = SDKROOT; };
		ED2971642150620600B7C4FE /* JavaScriptCore.framework */ = {isa = PBXFileReference; lastKnownFileType = wrapper.framework; name = JavaScriptCore.framework; path = Platforms/AppleTVOS.platform/Developer/SDKs/AppleTVOS12.0.sdk/System/Library/Frameworks/JavaScriptCore.framework; sourceTree = DEVELOPER_DIR; };
		FE19F4FAC51598A822B41C8C /* Pods-juan_ted_ui.debug.xcconfig */ = {isa = PBXFileReference; includeInIndex = 1; lastKnownFileType = text.xcconfig; name = "Pods-juan_ted_ui.debug.xcconfig"; path = "Target Support Files/Pods-juan_ted_ui/Pods-juan_ted_ui.debug.xcconfig"; sourceTree = "<group>"; };
/* End PBXFileReference section */

/* Begin PBXFrameworksBuildPhase section */
		00E356EB1AD99517003FC87E /* Frameworks */ = {
			isa = PBXFrameworksBuildPhase;
			buildActionMask = 2147483647;
			files = (
				CF057DE98588231B8A06F9C2 /* Pods_juan_ted_uiTests.framework in Frameworks */,
			);
			runOnlyForDeploymentPostprocessing = 0;
		};
		13B07F8C1A680F5B00A75B9A /* Frameworks */ = {
			isa = PBXFrameworksBuildPhase;
			buildActionMask = 2147483647;
			files = (
				3B1AEED9C076384A15964FB9 /* Pods_juan_ted_ui.framework in Frameworks */,
			);
			runOnlyForDeploymentPostprocessing = 0;
		};
		2D02E4781E0B4A5D006451C7 /* Frameworks */ = {
			isa = PBXFrameworksBuildPhase;
			buildActionMask = 2147483647;
			files = (
				63131C07C48EC07FD8363247 /* libPods-juan_ted_ui-tvOS.a in Frameworks */,
			);
			runOnlyForDeploymentPostprocessing = 0;
		};
		2D02E48D1E0B4A5D006451C7 /* Frameworks */ = {
			isa = PBXFrameworksBuildPhase;
			buildActionMask = 2147483647;
			files = (
				287F11D9040D2B80C0231C9D /* libPods-juan_ted_ui-tvOSTests.a in Frameworks */,
			);
			runOnlyForDeploymentPostprocessing = 0;
		};
/* End PBXFrameworksBuildPhase section */

/* Begin PBXGroup section */
		00E356EF1AD99517003FC87E /* juan_ted_uiTests */ = {
			isa = PBXGroup;
			children = (
				00E356F21AD99517003FC87E /* juan_ted_uiTests.m */,
				00E356F01AD99517003FC87E /* Supporting Files */,
			);
			path = juan_ted_uiTests;
			sourceTree = "<group>";
		};
		00E356F01AD99517003FC87E /* Supporting Files */ = {
			isa = PBXGroup;
			children = (
				00E356F11AD99517003FC87E /* Info.plist */,
			);
			name = "Supporting Files";
			sourceTree = "<group>";
		};
		13B07FAE1A68108700A75B9A /* juan_ted_ui */ = {
			isa = PBXGroup;
			children = (
				008F07F21AC5B25A0029DE68 /* main.jsbundle */,
				13B07FAF1A68108700A75B9A /* AppDelegate.h */,
				13B07FB01A68108700A75B9A /* AppDelegate.m */,
				13B07FB51A68108700A75B9A /* Images.xcassets */,
				13B07FB61A68108700A75B9A /* Info.plist */,
				13B07FB11A68108700A75B9A /* LaunchScreen.xib */,
				13B07FB71A68108700A75B9A /* main.m */,
			);
			name = juan_ted_ui;
			sourceTree = "<group>";
		};
		2D16E6871FA4F8E400B85C8A /* Frameworks */ = {
			isa = PBXGroup;
			children = (
				A1E12D5B24D4EE3B00080133 /* GoogleMapsUtils.framework */,
				A1E12D5924D4E98700080133 /* Accelerate.framework */,
				ED297162215061F000B7C4FE /* JavaScriptCore.framework */,
				ED2971642150620600B7C4FE /* JavaScriptCore.framework */,
				4F018D91FABC654E0A5B7B5B /* libPods-juan_ted_ui-tvOS.a */,
				41D4E55725E6BE6FA56F94C2 /* libPods-juan_ted_ui-tvOSTests.a */,
				954F4AAA65487FBD88D8D598 /* Pods_juan_ted_ui.framework */,
				35B65787DB38A679A6312E29 /* Pods_juan_ted_uiTests.framework */,
			);
			name = Frameworks;
			sourceTree = "<group>";
		};
		832341AE1AAA6A7D00B99B32 /* Libraries */ = {
			isa = PBXGroup;
			children = (
			);
			name = Libraries;
			sourceTree = "<group>";
		};
		83CBB9F61A601CBA00E9B192 = {
			isa = PBXGroup;
			children = (
				A11CC2BF24B88B5A00C4A1D2 /* Default-568h@2x.png */,
				A1FE68FD24A050DF001CF0C9 /* AirGoogleMaps */,
				13B07FAE1A68108700A75B9A /* juan_ted_ui */,
				832341AE1AAA6A7D00B99B32 /* Libraries */,
				00E356EF1AD99517003FC87E /* juan_ted_uiTests */,
				83CBBA001A601CBA00E9B192 /* Products */,
				2D16E6871FA4F8E400B85C8A /* Frameworks */,
				8DA1DB326A5299FEFA2E89DD /* Pods */,
				88D34D0EE071405FAE4E9EAF /* Resources */,
			);
			indentWidth = 2;
			sourceTree = "<group>";
			tabWidth = 2;
			usesTabs = 0;
		};
		83CBBA001A601CBA00E9B192 /* Products */ = {
			isa = PBXGroup;
			children = (
				13B07F961A680F5B00A75B9A /* lokal.app */,
				00E356EE1AD99517003FC87E /* juan_ted_uiTests.xctest */,
				2D02E47B1E0B4A5D006451C7 /* juan_ted_ui-tvOS.app */,
				2D02E4901E0B4A5D006451C7 /* juan_ted_ui-tvOSTests.xctest */,
			);
			name = Products;
			sourceTree = "<group>";
		};
		88D34D0EE071405FAE4E9EAF /* Resources */ = {
			isa = PBXGroup;
			children = (
				554C7DAA15444AA4A51E3457 /* AntDesign.ttf */,
				E7416EF956794A10B73B780B /* Entypo.ttf */,
				CD3E3F9462FE4E0AB0C07E1A /* EvilIcons.ttf */,
				C1043FA83FD34BADAC8F1CDB /* Feather.ttf */,
				06C0DD6460E94C6C95E81912 /* FontAwesome.ttf */,
				A9D399B93478408FA4546D3E /* FontAwesome5_Brands.ttf */,
				8B723E0568EF45ACBDABB7F9 /* FontAwesome5_Regular.ttf */,
				37786597F7744A48BEEB58A3 /* FontAwesome5_Solid.ttf */,
				10F3D25C4DCE4C78AF9E7B55 /* Fontisto.ttf */,
				446ABE9D713F46FDB1C1606A /* Foundation.ttf */,
				538E6DADDD60462BB9BCE7A1 /* Ionicons.ttf */,
				657145A2D3D849659FDC4E8A /* MaterialCommunityIcons.ttf */,
				582B55FE89034CC388D98A19 /* MaterialIcons.ttf */,
				28CBBB34AF8A43C58A41E001 /* Octicons.ttf */,
				60319DE6B6CA4834AE4700F7 /* SimpleLineIcons.ttf */,
				C3C67FF5E5524F4E949F294D /* Zocial.ttf */,
			);
			name = Resources;
			sourceTree = "<group>";
		};
		8DA1DB326A5299FEFA2E89DD /* Pods */ = {
			isa = PBXGroup;
			children = (
				FE19F4FAC51598A822B41C8C /* Pods-juan_ted_ui.debug.xcconfig */,
				BD9332F2EDCF81087893A662 /* Pods-juan_ted_ui.release.xcconfig */,
				6F354B205A507271DE14696E /* Pods-juan_ted_ui-tvOS.debug.xcconfig */,
				E98E23F90461A06D57069A4A /* Pods-juan_ted_ui-tvOS.release.xcconfig */,
				DCCA2AF8EE9A160356BCAFC9 /* Pods-juan_ted_ui-tvOSTests.debug.xcconfig */,
				36F43034CD620F2498D7A00B /* Pods-juan_ted_ui-tvOSTests.release.xcconfig */,
				59C42EE653050A2A2AEFB9F8 /* Pods-juan_ted_uiTests.debug.xcconfig */,
				7FF02E317CD58CD8525B0798 /* Pods-juan_ted_uiTests.release.xcconfig */,
			);
			path = Pods;
			sourceTree = "<group>";
		};
		A1FE68FD24A050DF001CF0C9 /* AirGoogleMaps */ = {
			isa = PBXGroup;
			children = (
				A1FE68FE24A050DF001CF0C9 /* AIRDummyView.m */,
				A1FE68FF24A050DF001CF0C9 /* AIRGoogleMapWMSTile.h */,
				A1FE690024A050DF001CF0C9 /* AIRGoogleMapPolyline.h */,
				A1FE690224A050DF001CF0C9 /* AIRGoogleMapUrlTile.m */,
				A1FE690324A050DF001CF0C9 /* AIRGoogleMapMarkerManager.h */,
				A1FE690424A050DF001CF0C9 /* AIRGoogleMapCalloutManager.h */,
				A1FE690524A050DF001CF0C9 /* AIRGoogleMapPolygonManager.m */,
				A1FE690624A050DF001CF0C9 /* RCTConvert+GMSMapViewType.h */,
				A1FE690724A050DF001CF0C9 /* AIRGoogleMapManager.h */,
				A1FE690824A050DF001CF0C9 /* AIRGoogleMapMarker.m */,
				A1FE690924A050DF001CF0C9 /* AIRGMSPolyline.h */,
				A1FE690A24A050DF001CF0C9 /* AIRGoogleMapPolylineManager.h */,
				A1FE690B24A050DF001CF0C9 /* AIRGoogleMapOverlay.h */,
				A1FE690C24A050DF001CF0C9 /* AIRGMSPolygon.m */,
				A1FE690D24A050DF001CF0C9 /* AIRGoogleMapURLTileManager.m */,
				A1FE690E24A050DF001CF0C9 /* AIRGoogleMapWMSTileManager.m */,
				A1FE690F24A050DF001CF0C9 /* AIRGoogleMapCircle.m */,
				A1FE691024A050DF001CF0C9 /* AIRGoogleMap.h */,
				A1FE691224A050DF001CF0C9 /* AIRGoogleMapOverlayManager.h */,
				A1FE691324A050DF001CF0C9 /* AIRGoogleMapCallout.h */,
				A1FE691424A050DF001CF0C9 /* AIRGoogleMapCalloutSubviewManager.h */,
				A1FE691524A050DF001CF0C9 /* AIRGoogleMapCalloutSubview.h */,
				A1FE691624A050DF001CF0C9 /* AIRGMSMarker.h */,
				A1FE691724A050DF001CF0C9 /* AIRGoogleMapCircleManager.m */,
				A1FE691824A050DF001CF0C9 /* AIRGoogleMapPolygon.h */,
				A1FE691924A050DF001CF0C9 /* AIRGoogleMapCalloutManager.m */,
				A1FE691A24A050DF001CF0C9 /* AIRGoogleMapMarkerManager.m */,
				A1FE691B24A050DF001CF0C9 /* AIRGoogleMapUrlTile.h */,
				A1FE691C24A050DF001CF0C9 /* AIRGoogleMapPolyline.m */,
				A1FE691E24A050DF001CF0C9 /* AIRGoogleMapWMSTile.m */,
				A1FE691F24A050DF001CF0C9 /* AIRDummyView.h */,
				A1FE692024A050DF001CF0C9 /* AIRGMSPolygon.h */,
				A1FE692124A050DF001CF0C9 /* AIRGoogleMapOverlay.m */,
				A1FE692224A050DF001CF0C9 /* AIRGMSPolyline.m */,
				A1FE692324A050DF001CF0C9 /* AIRGoogleMapPolylineManager.m */,
				A1FE692424A050DF001CF0C9 /* AIRGoogleMapManager.m */,
				A1FE692524A050DF001CF0C9 /* AIRGoogleMapMarker.h */,
				A1FE692624A050DF001CF0C9 /* AIRGoogleMapPolygonManager.h */,
				A1FE692724A050DF001CF0C9 /* RCTConvert+GMSMapViewType.m */,
				A1FE692824A050DF001CF0C9 /* AIRGoogleMapCalloutSubviewManager.m */,
				A1FE692924A050DF001CF0C9 /* AIRGoogleMapCallout.m */,
				A1FE692A24A050DF001CF0C9 /* AIRGoogleMapOverlayManager.m */,
				A1FE692C24A050DF001CF0C9 /* AIRGoogleMap.m */,
				A1FE692D24A050DF001CF0C9 /* AIRGoogleMapCircle.h */,
				A1FE692E24A050DF001CF0C9 /* AIRGoogleMapWMSTileManager.h */,
				A1FE692F24A050DF001CF0C9 /* AIRGoogleMapUrlTileManager.h */,
				A1FE693024A050DF001CF0C9 /* AIRGoogleMapCircleManager.h */,
				A1FE693124A050DF001CF0C9 /* AIRGoogleMapPolygon.m */,
				A1FE693224A050DF001CF0C9 /* AIRGMSMarker.m */,
				A1FE693324A050DF001CF0C9 /* AIRGoogleMapCalloutSubview.m */,
			);
			name = AirGoogleMaps;
			path = "../node_modules/react-native-maps/lib/ios/AirGoogleMaps";
			sourceTree = "<group>";
		};
/* End PBXGroup section */

/* Begin PBXNativeTarget section */
		00E356ED1AD99517003FC87E /* juan_ted_uiTests */ = {
			isa = PBXNativeTarget;
			buildConfigurationList = 00E357021AD99517003FC87E /* Build configuration list for PBXNativeTarget "juan_ted_uiTests" */;
			buildPhases = (
				D3959DCBD6EC4F0FFB4EE419 /* [CP] Check Pods Manifest.lock */,
				00E356EA1AD99517003FC87E /* Sources */,
				00E356EB1AD99517003FC87E /* Frameworks */,
				00E356EC1AD99517003FC87E /* Resources */,
			);
			buildRules = (
			);
			dependencies = (
				00E356F51AD99517003FC87E /* PBXTargetDependency */,
			);
			name = juan_ted_uiTests;
			productName = juan_ted_uiTests;
			productReference = 00E356EE1AD99517003FC87E /* juan_ted_uiTests.xctest */;
			productType = "com.apple.product-type.bundle.unit-test";
		};
		13B07F861A680F5B00A75B9A /* juan_ted_ui */ = {
			isa = PBXNativeTarget;
			buildConfigurationList = 13B07F931A680F5B00A75B9A /* Build configuration list for PBXNativeTarget "juan_ted_ui" */;
			buildPhases = (
				AB9EF17429F20D9A934F9685 /* [CP] Check Pods Manifest.lock */,
				FD10A7F022414F080027D42C /* Start Packager */,
				13B07F871A680F5B00A75B9A /* Sources */,
				13B07F8C1A680F5B00A75B9A /* Frameworks */,
				13B07F8E1A680F5B00A75B9A /* Resources */,
				00DD1BFF1BD5951E006B06BC /* Bundle React Native code and images */,
				5440F69F80EFE1A54727382B /* [CP] Copy Pods Resources */,
				66589449BA1902731CB13A7E /* [CP] Embed Pods Frameworks */,
			);
			buildRules = (
			);
			dependencies = (
			);
			name = juan_ted_ui;
			productName = juan_ted_ui;
			productReference = 13B07F961A680F5B00A75B9A /* lokal.app */;
			productType = "com.apple.product-type.application";
		};
		2D02E47A1E0B4A5D006451C7 /* juan_ted_ui-tvOS */ = {
			isa = PBXNativeTarget;
			buildConfigurationList = 2D02E4BA1E0B4A5E006451C7 /* Build configuration list for PBXNativeTarget "juan_ted_ui-tvOS" */;
			buildPhases = (
				7A93D5F3E452CF446E3636BC /* [CP] Check Pods Manifest.lock */,
				FD10A7F122414F3F0027D42C /* Start Packager */,
				2D02E4771E0B4A5D006451C7 /* Sources */,
				2D02E4781E0B4A5D006451C7 /* Frameworks */,
				2D02E4791E0B4A5D006451C7 /* Resources */,
				2D02E4CB1E0B4B27006451C7 /* Bundle React Native Code And Images */,
			);
			buildRules = (
			);
			dependencies = (
			);
			name = "juan_ted_ui-tvOS";
			productName = "juan_ted_ui-tvOS";
			productReference = 2D02E47B1E0B4A5D006451C7 /* juan_ted_ui-tvOS.app */;
			productType = "com.apple.product-type.application";
		};
		2D02E48F1E0B4A5D006451C7 /* juan_ted_ui-tvOSTests */ = {
			isa = PBXNativeTarget;
			buildConfigurationList = 2D02E4BB1E0B4A5E006451C7 /* Build configuration list for PBXNativeTarget "juan_ted_ui-tvOSTests" */;
			buildPhases = (
				1B73FBE870E435AE368EBBD0 /* [CP] Check Pods Manifest.lock */,
				2D02E48C1E0B4A5D006451C7 /* Sources */,
				2D02E48D1E0B4A5D006451C7 /* Frameworks */,
				2D02E48E1E0B4A5D006451C7 /* Resources */,
			);
			buildRules = (
			);
			dependencies = (
				2D02E4921E0B4A5D006451C7 /* PBXTargetDependency */,
			);
			name = "juan_ted_ui-tvOSTests";
			productName = "juan_ted_ui-tvOSTests";
			productReference = 2D02E4901E0B4A5D006451C7 /* juan_ted_ui-tvOSTests.xctest */;
			productType = "com.apple.product-type.bundle.unit-test";
		};
/* End PBXNativeTarget section */

/* Begin PBXProject section */
		83CBB9F71A601CBA00E9B192 /* Project object */ = {
			isa = PBXProject;
			attributes = {
				LastUpgradeCheck = 1130;
				ORGANIZATIONNAME = Facebook;
				TargetAttributes = {
					00E356ED1AD99517003FC87E = {
						CreatedOnToolsVersion = 6.2;
						TestTargetID = 13B07F861A680F5B00A75B9A;
					};
					13B07F861A680F5B00A75B9A = {
						DevelopmentTeam = 7HBA37G6YH;
						ProvisioningStyle = Automatic;
					};
					2D02E47A1E0B4A5D006451C7 = {
						CreatedOnToolsVersion = 8.2.1;
						ProvisioningStyle = Automatic;
					};
					2D02E48F1E0B4A5D006451C7 = {
						CreatedOnToolsVersion = 8.2.1;
						ProvisioningStyle = Automatic;
						TestTargetID = 2D02E47A1E0B4A5D006451C7;
					};
				};
			};
			buildConfigurationList = 83CBB9FA1A601CBA00E9B192 /* Build configuration list for PBXProject "juan_ted_ui" */;
			compatibilityVersion = "Xcode 3.2";
			developmentRegion = en;
			hasScannedForEncodings = 0;
			knownRegions = (
				en,
				Base,
			);
			mainGroup = 83CBB9F61A601CBA00E9B192;
			productRefGroup = 83CBBA001A601CBA00E9B192 /* Products */;
			projectDirPath = "";
			projectRoot = "";
			targets = (
				13B07F861A680F5B00A75B9A /* juan_ted_ui */,
				00E356ED1AD99517003FC87E /* juan_ted_uiTests */,
				2D02E47A1E0B4A5D006451C7 /* juan_ted_ui-tvOS */,
				2D02E48F1E0B4A5D006451C7 /* juan_ted_ui-tvOSTests */,
			);
		};
/* End PBXProject section */

/* Begin PBXResourcesBuildPhase section */
		00E356EC1AD99517003FC87E /* Resources */ = {
			isa = PBXResourcesBuildPhase;
			buildActionMask = 2147483647;
			files = (
			);
			runOnlyForDeploymentPostprocessing = 0;
		};
		13B07F8E1A680F5B00A75B9A /* Resources */ = {
			isa = PBXResourcesBuildPhase;
			buildActionMask = 2147483647;
			files = (
				13B07FBF1A68108700A75B9A /* Images.xcassets in Resources */,
				13B07FBD1A68108700A75B9A /* LaunchScreen.xib in Resources */,
				1672EC87BAA0469193612163 /* AntDesign.ttf in Resources */,
				D05A7FFB2E6248BDAD77D80A /* Entypo.ttf in Resources */,
				F59C202213D842718DC76925 /* EvilIcons.ttf in Resources */,
				93C1FE0007A84BBEB980E84B /* Feather.ttf in Resources */,
				49F8F63F44AC4A1187091F93 /* FontAwesome.ttf in Resources */,
				467957C5EDEC475583BD3149 /* FontAwesome5_Brands.ttf in Resources */,
				BA6BE062D0BF4DD89D4447D4 /* FontAwesome5_Regular.ttf in Resources */,
				E449B1DF75224DB384D3C0DB /* FontAwesome5_Solid.ttf in Resources */,
				E4D6B4A984B74916BE42A64B /* Fontisto.ttf in Resources */,
				2D59FD8D3B2045D085F15E68 /* Foundation.ttf in Resources */,
				A11CC2C024B88B5A00C4A1D2 /* Default-568h@2x.png in Resources */,
				E0AB644719AB4C5DA12669C2 /* Ionicons.ttf in Resources */,
				90D17E2CA22B4959B257C2D2 /* MaterialCommunityIcons.ttf in Resources */,
				6C59421CA80345BCAD4BF3AA /* MaterialIcons.ttf in Resources */,
				C7047B8B008C416B8EED5E61 /* Octicons.ttf in Resources */,
				1E59A09236EF43A4A77CA967 /* SimpleLineIcons.ttf in Resources */,
				DCDE0B83F97F45DC8D104F7C /* Zocial.ttf in Resources */,
			);
			runOnlyForDeploymentPostprocessing = 0;
		};
		2D02E4791E0B4A5D006451C7 /* Resources */ = {
			isa = PBXResourcesBuildPhase;
			buildActionMask = 2147483647;
			files = (
				2D02E4BD1E0B4A84006451C7 /* Images.xcassets in Resources */,
			);
			runOnlyForDeploymentPostprocessing = 0;
		};
		2D02E48E1E0B4A5D006451C7 /* Resources */ = {
			isa = PBXResourcesBuildPhase;
			buildActionMask = 2147483647;
			files = (
			);
			runOnlyForDeploymentPostprocessing = 0;
		};
/* End PBXResourcesBuildPhase section */

/* Begin PBXShellScriptBuildPhase section */
		00DD1BFF1BD5951E006B06BC /* Bundle React Native code and images */ = {
			isa = PBXShellScriptBuildPhase;
			buildActionMask = 2147483647;
			files = (
			);
			inputPaths = (
			);
			name = "Bundle React Native code and images";
			outputPaths = (
			);
			runOnlyForDeploymentPostprocessing = 0;
			shellPath = /bin/sh;
			shellScript = "export NODE_BINARY=node\n../node_modules/react-native/scripts/react-native-xcode.sh";
		};
		1B73FBE870E435AE368EBBD0 /* [CP] Check Pods Manifest.lock */ = {
			isa = PBXShellScriptBuildPhase;
			buildActionMask = 2147483647;
			files = (
			);
			inputFileListPaths = (
			);
			inputPaths = (
				"${PODS_PODFILE_DIR_PATH}/Podfile.lock",
				"${PODS_ROOT}/Manifest.lock",
			);
			name = "[CP] Check Pods Manifest.lock";
			outputFileListPaths = (
			);
			outputPaths = (
				"$(DERIVED_FILE_DIR)/Pods-juan_ted_ui-tvOSTests-checkManifestLockResult.txt",
			);
			runOnlyForDeploymentPostprocessing = 0;
			shellPath = /bin/sh;
			shellScript = "diff \"${PODS_PODFILE_DIR_PATH}/Podfile.lock\" \"${PODS_ROOT}/Manifest.lock\" > /dev/null\nif [ $? != 0 ] ; then\n    # print error to STDERR\n    echo \"error: The sandbox is not in sync with the Podfile.lock. Run 'pod install' or update your CocoaPods installation.\" >&2\n    exit 1\nfi\n# This output is used by Xcode 'outputs' to avoid re-running this script phase.\necho \"SUCCESS\" > \"${SCRIPT_OUTPUT_FILE_0}\"\n";
			showEnvVarsInLog = 0;
		};
		2D02E4CB1E0B4B27006451C7 /* Bundle React Native Code And Images */ = {
			isa = PBXShellScriptBuildPhase;
			buildActionMask = 2147483647;
			files = (
			);
			inputPaths = (
			);
			name = "Bundle React Native Code And Images";
			outputPaths = (
			);
			runOnlyForDeploymentPostprocessing = 0;
			shellPath = /bin/sh;
			shellScript = "export NODE_BINARY=node\n../node_modules/react-native/scripts/react-native-xcode.sh";
		};
		5440F69F80EFE1A54727382B /* [CP] Copy Pods Resources */ = {
			isa = PBXShellScriptBuildPhase;
			buildActionMask = 2147483647;
			files = (
			);
			inputPaths = (
				"${PODS_ROOT}/Target Support Files/Pods-juan_ted_ui/Pods-juan_ted_ui-resources.sh",
				"${PODS_ROOT}/GoogleMaps/Maps/Frameworks/GoogleMaps.framework/Resources/GoogleMaps.bundle",
			);
			name = "[CP] Copy Pods Resources";
			outputPaths = (
				"${TARGET_BUILD_DIR}/${UNLOCALIZED_RESOURCES_FOLDER_PATH}/GoogleMaps.bundle",
			);
			runOnlyForDeploymentPostprocessing = 0;
			shellPath = /bin/sh;
			shellScript = "\"${PODS_ROOT}/Target Support Files/Pods-juan_ted_ui/Pods-juan_ted_ui-resources.sh\"\n";
			showEnvVarsInLog = 0;
		};
		66589449BA1902731CB13A7E /* [CP] Embed Pods Frameworks */ = {
			isa = PBXShellScriptBuildPhase;
			buildActionMask = 2147483647;
			files = (
			);
			inputPaths = (
				"${PODS_ROOT}/Target Support Files/Pods-juan_ted_ui/Pods-juan_ted_ui-frameworks.sh",
				"${BUILT_PRODUCTS_DIR}/DoubleConversion/DoubleConversion.framework",
				"${BUILT_PRODUCTS_DIR}/FBReactNativeSpec/FBReactNativeSpec.framework",
				"${BUILT_PRODUCTS_DIR}/Folly/folly.framework",
				"${BUILT_PRODUCTS_DIR}/RCTTypeSafety/RCTTypeSafety.framework",
				"${BUILT_PRODUCTS_DIR}/RNCAsyncStorage/RNCAsyncStorage.framework",
				"${BUILT_PRODUCTS_DIR}/RNCMaskedView/RNCMaskedView.framework",
				"${BUILT_PRODUCTS_DIR}/RNFS/RNFS.framework",
				"${BUILT_PRODUCTS_DIR}/RNGestureHandler/RNGestureHandler.framework",
				"${BUILT_PRODUCTS_DIR}/RNReanimated/RNReanimated.framework",
				"${BUILT_PRODUCTS_DIR}/RNSVG/RNSVG.framework",
				"${BUILT_PRODUCTS_DIR}/RNScreens/RNScreens.framework",
				"${BUILT_PRODUCTS_DIR}/RNVectorIcons/RNVectorIcons.framework",
				"${BUILT_PRODUCTS_DIR}/React-Core/React.framework",
				"${BUILT_PRODUCTS_DIR}/React-CoreModules/CoreModules.framework",
				"${BUILT_PRODUCTS_DIR}/React-RCTAnimation/RCTAnimation.framework",
				"${BUILT_PRODUCTS_DIR}/React-RCTBlob/RCTBlob.framework",
				"${BUILT_PRODUCTS_DIR}/React-RCTImage/RCTImage.framework",
				"${BUILT_PRODUCTS_DIR}/React-RCTLinking/RCTLinking.framework",
				"${BUILT_PRODUCTS_DIR}/React-RCTNetwork/RCTNetwork.framework",
				"${BUILT_PRODUCTS_DIR}/React-RCTSettings/RCTSettings.framework",
				"${BUILT_PRODUCTS_DIR}/React-RCTText/RCTText.framework",
				"${BUILT_PRODUCTS_DIR}/React-RCTVibration/RCTVibration.framework",
				"${BUILT_PRODUCTS_DIR}/React-cxxreact/cxxreact.framework",
				"${BUILT_PRODUCTS_DIR}/React-jsi/jsi.framework",
				"${BUILT_PRODUCTS_DIR}/React-jsiexecutor/jsireact.framework",
				"${BUILT_PRODUCTS_DIR}/React-jsinspector/jsinspector.framework",
				"${BUILT_PRODUCTS_DIR}/ReactCommon/ReactCommon.framework",
				"${BUILT_PRODUCTS_DIR}/Yoga/yoga.framework",
				"${BUILT_PRODUCTS_DIR}/glog/glog.framework",
				"${BUILT_PRODUCTS_DIR}/react-native-geolocation/react_native_geolocation.framework",
				"${BUILT_PRODUCTS_DIR}/react-native-image-base64/react_native_image_base64.framework",
				"${BUILT_PRODUCTS_DIR}/react-native-image-picker/react_native_image_picker.framework",
				"${BUILT_PRODUCTS_DIR}/react-native-maps/react_native_maps.framework",
				"${BUILT_PRODUCTS_DIR}/react-native-netinfo/react_native_netinfo.framework",
				"${BUILT_PRODUCTS_DIR}/react-native-safe-area-context/react_native_safe_area_context.framework",
			);
			name = "[CP] Embed Pods Frameworks";
			outputPaths = (
				"${TARGET_BUILD_DIR}/${FRAMEWORKS_FOLDER_PATH}/DoubleConversion.framework",
				"${TARGET_BUILD_DIR}/${FRAMEWORKS_FOLDER_PATH}/FBReactNativeSpec.framework",
				"${TARGET_BUILD_DIR}/${FRAMEWORKS_FOLDER_PATH}/folly.framework",
				"${TARGET_BUILD_DIR}/${FRAMEWORKS_FOLDER_PATH}/RCTTypeSafety.framework",
				"${TARGET_BUILD_DIR}/${FRAMEWORKS_FOLDER_PATH}/RNCAsyncStorage.framework",
				"${TARGET_BUILD_DIR}/${FRAMEWORKS_FOLDER_PATH}/RNCMaskedView.framework",
				"${TARGET_BUILD_DIR}/${FRAMEWORKS_FOLDER_PATH}/RNFS.framework",
				"${TARGET_BUILD_DIR}/${FRAMEWORKS_FOLDER_PATH}/RNGestureHandler.framework",
				"${TARGET_BUILD_DIR}/${FRAMEWORKS_FOLDER_PATH}/RNReanimated.framework",
				"${TARGET_BUILD_DIR}/${FRAMEWORKS_FOLDER_PATH}/RNSVG.framework",
				"${TARGET_BUILD_DIR}/${FRAMEWORKS_FOLDER_PATH}/RNScreens.framework",
				"${TARGET_BUILD_DIR}/${FRAMEWORKS_FOLDER_PATH}/RNVectorIcons.framework",
				"${TARGET_BUILD_DIR}/${FRAMEWORKS_FOLDER_PATH}/React.framework",
				"${TARGET_BUILD_DIR}/${FRAMEWORKS_FOLDER_PATH}/CoreModules.framework",
				"${TARGET_BUILD_DIR}/${FRAMEWORKS_FOLDER_PATH}/RCTAnimation.framework",
				"${TARGET_BUILD_DIR}/${FRAMEWORKS_FOLDER_PATH}/RCTBlob.framework",
				"${TARGET_BUILD_DIR}/${FRAMEWORKS_FOLDER_PATH}/RCTImage.framework",
				"${TARGET_BUILD_DIR}/${FRAMEWORKS_FOLDER_PATH}/RCTLinking.framework",
				"${TARGET_BUILD_DIR}/${FRAMEWORKS_FOLDER_PATH}/RCTNetwork.framework",
				"${TARGET_BUILD_DIR}/${FRAMEWORKS_FOLDER_PATH}/RCTSettings.framework",
				"${TARGET_BUILD_DIR}/${FRAMEWORKS_FOLDER_PATH}/RCTText.framework",
				"${TARGET_BUILD_DIR}/${FRAMEWORKS_FOLDER_PATH}/RCTVibration.framework",
				"${TARGET_BUILD_DIR}/${FRAMEWORKS_FOLDER_PATH}/cxxreact.framework",
				"${TARGET_BUILD_DIR}/${FRAMEWORKS_FOLDER_PATH}/jsi.framework",
				"${TARGET_BUILD_DIR}/${FRAMEWORKS_FOLDER_PATH}/jsireact.framework",
				"${TARGET_BUILD_DIR}/${FRAMEWORKS_FOLDER_PATH}/jsinspector.framework",
				"${TARGET_BUILD_DIR}/${FRAMEWORKS_FOLDER_PATH}/ReactCommon.framework",
				"${TARGET_BUILD_DIR}/${FRAMEWORKS_FOLDER_PATH}/yoga.framework",
				"${TARGET_BUILD_DIR}/${FRAMEWORKS_FOLDER_PATH}/glog.framework",
				"${TARGET_BUILD_DIR}/${FRAMEWORKS_FOLDER_PATH}/react_native_geolocation.framework",
				"${TARGET_BUILD_DIR}/${FRAMEWORKS_FOLDER_PATH}/react_native_image_base64.framework",
				"${TARGET_BUILD_DIR}/${FRAMEWORKS_FOLDER_PATH}/react_native_image_picker.framework",
				"${TARGET_BUILD_DIR}/${FRAMEWORKS_FOLDER_PATH}/react_native_maps.framework",
				"${TARGET_BUILD_DIR}/${FRAMEWORKS_FOLDER_PATH}/react_native_netinfo.framework",
				"${TARGET_BUILD_DIR}/${FRAMEWORKS_FOLDER_PATH}/react_native_safe_area_context.framework",
			);
			runOnlyForDeploymentPostprocessing = 0;
			shellPath = /bin/sh;
			shellScript = "\"${PODS_ROOT}/Target Support Files/Pods-juan_ted_ui/Pods-juan_ted_ui-frameworks.sh\"\n";
			showEnvVarsInLog = 0;
		};
		7A93D5F3E452CF446E3636BC /* [CP] Check Pods Manifest.lock */ = {
			isa = PBXShellScriptBuildPhase;
			buildActionMask = 2147483647;
			files = (
			);
			inputFileListPaths = (
			);
			inputPaths = (
				"${PODS_PODFILE_DIR_PATH}/Podfile.lock",
				"${PODS_ROOT}/Manifest.lock",
			);
			name = "[CP] Check Pods Manifest.lock";
			outputFileListPaths = (
			);
			outputPaths = (
				"$(DERIVED_FILE_DIR)/Pods-juan_ted_ui-tvOS-checkManifestLockResult.txt",
			);
			runOnlyForDeploymentPostprocessing = 0;
			shellPath = /bin/sh;
			shellScript = "diff \"${PODS_PODFILE_DIR_PATH}/Podfile.lock\" \"${PODS_ROOT}/Manifest.lock\" > /dev/null\nif [ $? != 0 ] ; then\n    # print error to STDERR\n    echo \"error: The sandbox is not in sync with the Podfile.lock. Run 'pod install' or update your CocoaPods installation.\" >&2\n    exit 1\nfi\n# This output is used by Xcode 'outputs' to avoid re-running this script phase.\necho \"SUCCESS\" > \"${SCRIPT_OUTPUT_FILE_0}\"\n";
			showEnvVarsInLog = 0;
		};
		AB9EF17429F20D9A934F9685 /* [CP] Check Pods Manifest.lock */ = {
			isa = PBXShellScriptBuildPhase;
			buildActionMask = 2147483647;
			files = (
			);
			inputFileListPaths = (
			);
			inputPaths = (
				"${PODS_PODFILE_DIR_PATH}/Podfile.lock",
				"${PODS_ROOT}/Manifest.lock",
			);
			name = "[CP] Check Pods Manifest.lock";
			outputFileListPaths = (
			);
			outputPaths = (
				"$(DERIVED_FILE_DIR)/Pods-juan_ted_ui-checkManifestLockResult.txt",
			);
			runOnlyForDeploymentPostprocessing = 0;
			shellPath = /bin/sh;
			shellScript = "diff \"${PODS_PODFILE_DIR_PATH}/Podfile.lock\" \"${PODS_ROOT}/Manifest.lock\" > /dev/null\nif [ $? != 0 ] ; then\n    # print error to STDERR\n    echo \"error: The sandbox is not in sync with the Podfile.lock. Run 'pod install' or update your CocoaPods installation.\" >&2\n    exit 1\nfi\n# This output is used by Xcode 'outputs' to avoid re-running this script phase.\necho \"SUCCESS\" > \"${SCRIPT_OUTPUT_FILE_0}\"\n";
			showEnvVarsInLog = 0;
		};
		D3959DCBD6EC4F0FFB4EE419 /* [CP] Check Pods Manifest.lock */ = {
			isa = PBXShellScriptBuildPhase;
			buildActionMask = 2147483647;
			files = (
			);
			inputFileListPaths = (
			);
			inputPaths = (
				"${PODS_PODFILE_DIR_PATH}/Podfile.lock",
				"${PODS_ROOT}/Manifest.lock",
			);
			name = "[CP] Check Pods Manifest.lock";
			outputFileListPaths = (
			);
			outputPaths = (
				"$(DERIVED_FILE_DIR)/Pods-juan_ted_uiTests-checkManifestLockResult.txt",
			);
			runOnlyForDeploymentPostprocessing = 0;
			shellPath = /bin/sh;
			shellScript = "diff \"${PODS_PODFILE_DIR_PATH}/Podfile.lock\" \"${PODS_ROOT}/Manifest.lock\" > /dev/null\nif [ $? != 0 ] ; then\n    # print error to STDERR\n    echo \"error: The sandbox is not in sync with the Podfile.lock. Run 'pod install' or update your CocoaPods installation.\" >&2\n    exit 1\nfi\n# This output is used by Xcode 'outputs' to avoid re-running this script phase.\necho \"SUCCESS\" > \"${SCRIPT_OUTPUT_FILE_0}\"\n";
			showEnvVarsInLog = 0;
		};
		FD10A7F022414F080027D42C /* Start Packager */ = {
			isa = PBXShellScriptBuildPhase;
			buildActionMask = 2147483647;
			files = (
			);
			inputFileListPaths = (
			);
			inputPaths = (
			);
			name = "Start Packager";
			outputFileListPaths = (
			);
			outputPaths = (
			);
			runOnlyForDeploymentPostprocessing = 0;
			shellPath = /bin/sh;
			shellScript = "export RCT_METRO_PORT=\"${RCT_METRO_PORT:=8081}\"\necho \"export RCT_METRO_PORT=${RCT_METRO_PORT}\" > \"${SRCROOT}/../node_modules/react-native/scripts/.packager.env\"\nif [ -z \"${RCT_NO_LAUNCH_PACKAGER+xxx}\" ] ; then\n  if nc -w 5 -z localhost ${RCT_METRO_PORT} ; then\n    if ! curl -s \"http://localhost:${RCT_METRO_PORT}/status\" | grep -q \"packager-status:running\" ; then\n      echo \"Port ${RCT_METRO_PORT} already in use, packager is either not running or not running correctly\"\n      exit 2\n    fi\n  else\n    open \"$SRCROOT/../node_modules/react-native/scripts/launchPackager.command\" || echo \"Can't start packager automatically\"\n  fi\nfi\n";
			showEnvVarsInLog = 0;
		};
		FD10A7F122414F3F0027D42C /* Start Packager */ = {
			isa = PBXShellScriptBuildPhase;
			buildActionMask = 2147483647;
			files = (
			);
			inputFileListPaths = (
			);
			inputPaths = (
			);
			name = "Start Packager";
			outputFileListPaths = (
			);
			outputPaths = (
			);
			runOnlyForDeploymentPostprocessing = 0;
			shellPath = /bin/sh;
			shellScript = "export RCT_METRO_PORT=\"${RCT_METRO_PORT:=8081}\"\necho \"export RCT_METRO_PORT=${RCT_METRO_PORT}\" > \"${SRCROOT}/../node_modules/react-native/scripts/.packager.env\"\nif [ -z \"${RCT_NO_LAUNCH_PACKAGER+xxx}\" ] ; then\n  if nc -w 5 -z localhost ${RCT_METRO_PORT} ; then\n    if ! curl -s \"http://localhost:${RCT_METRO_PORT}/status\" | grep -q \"packager-status:running\" ; then\n      echo \"Port ${RCT_METRO_PORT} already in use, packager is either not running or not running correctly\"\n      exit 2\n    fi\n  else\n    open \"$SRCROOT/../node_modules/react-native/scripts/launchPackager.command\" || echo \"Can't start packager automatically\"\n  fi\nfi\n";
			showEnvVarsInLog = 0;
		};
/* End PBXShellScriptBuildPhase section */

/* Begin PBXSourcesBuildPhase section */
		00E356EA1AD99517003FC87E /* Sources */ = {
			isa = PBXSourcesBuildPhase;
			buildActionMask = 2147483647;
			files = (
				00E356F31AD99517003FC87E /* juan_ted_uiTests.m in Sources */,
			);
			runOnlyForDeploymentPostprocessing = 0;
		};
		13B07F871A680F5B00A75B9A /* Sources */ = {
			isa = PBXSourcesBuildPhase;
			buildActionMask = 2147483647;
			files = (
				A1FE693524A050DF001CF0C9 /* AIRGoogleMapUrlTile.m in Sources */,
				A1FE694624A050DF001CF0C9 /* RCTConvert+GMSMapViewType.m in Sources */,
				A1FE693624A050DF001CF0C9 /* AIRGoogleMapPolygonManager.m in Sources */,
				A1FE694924A050DF001CF0C9 /* AIRGoogleMapOverlayManager.m in Sources */,
				A1FE694324A050DF001CF0C9 /* AIRGMSPolyline.m in Sources */,
				A1FE693924A050DF001CF0C9 /* AIRGoogleMapURLTileManager.m in Sources */,
				A1FE694724A050DF001CF0C9 /* AIRGoogleMapCalloutSubviewManager.m in Sources */,
				A1FE693E24A050DF001CF0C9 /* AIRGoogleMapMarkerManager.m in Sources */,
				A1FE693724A050DF001CF0C9 /* AIRGoogleMapMarker.m in Sources */,
				A1FE694D24A050DF001CF0C9 /* AIRGMSMarker.m in Sources */,
				A1FE694E24A050DF001CF0C9 /* AIRGoogleMapCalloutSubview.m in Sources */,
				A1FE694224A050DF001CF0C9 /* AIRGoogleMapOverlay.m in Sources */,
				A1FE694824A050DF001CF0C9 /* AIRGoogleMapCallout.m in Sources */,
				A1FE694424A050DF001CF0C9 /* AIRGoogleMapPolylineManager.m in Sources */,
				A1FE693424A050DF001CF0C9 /* AIRDummyView.m in Sources */,
				A1FE693F24A050DF001CF0C9 /* AIRGoogleMapPolyline.m in Sources */,
				A1FE694524A050DF001CF0C9 /* AIRGoogleMapManager.m in Sources */,
				A1FE693824A050DF001CF0C9 /* AIRGMSPolygon.m in Sources */,
				A1FE693B24A050DF001CF0C9 /* AIRGoogleMapCircle.m in Sources */,
				A1FE694B24A050DF001CF0C9 /* AIRGoogleMap.m in Sources */,
				A1FE694C24A050DF001CF0C9 /* AIRGoogleMapPolygon.m in Sources */,
				A1FE693C24A050DF001CF0C9 /* AIRGoogleMapCircleManager.m in Sources */,
				A1FE693A24A050DF001CF0C9 /* AIRGoogleMapWMSTileManager.m in Sources */,
				A1FE693D24A050DF001CF0C9 /* AIRGoogleMapCalloutManager.m in Sources */,
				A1FE694124A050DF001CF0C9 /* AIRGoogleMapWMSTile.m in Sources */,
				13B07FBC1A68108700A75B9A /* AppDelegate.m in Sources */,
				13B07FC11A68108700A75B9A /* main.m in Sources */,
			);
			runOnlyForDeploymentPostprocessing = 0;
		};
		2D02E4771E0B4A5D006451C7 /* Sources */ = {
			isa = PBXSourcesBuildPhase;
			buildActionMask = 2147483647;
			files = (
				2D02E4BF1E0B4AB3006451C7 /* main.m in Sources */,
				2D02E4BC1E0B4A80006451C7 /* AppDelegate.m in Sources */,
			);
			runOnlyForDeploymentPostprocessing = 0;
		};
		2D02E48C1E0B4A5D006451C7 /* Sources */ = {
			isa = PBXSourcesBuildPhase;
			buildActionMask = 2147483647;
			files = (
				2DCD954D1E0B4F2C00145EB5 /* juan_ted_uiTests.m in Sources */,
			);
			runOnlyForDeploymentPostprocessing = 0;
		};
/* End PBXSourcesBuildPhase section */

/* Begin PBXTargetDependency section */
		00E356F51AD99517003FC87E /* PBXTargetDependency */ = {
			isa = PBXTargetDependency;
			target = 13B07F861A680F5B00A75B9A /* juan_ted_ui */;
			targetProxy = 00E356F41AD99517003FC87E /* PBXContainerItemProxy */;
		};
		2D02E4921E0B4A5D006451C7 /* PBXTargetDependency */ = {
			isa = PBXTargetDependency;
			target = 2D02E47A1E0B4A5D006451C7 /* juan_ted_ui-tvOS */;
			targetProxy = 2D02E4911E0B4A5D006451C7 /* PBXContainerItemProxy */;
		};
/* End PBXTargetDependency section */

/* Begin PBXVariantGroup section */
		13B07FB11A68108700A75B9A /* LaunchScreen.xib */ = {
			isa = PBXVariantGroup;
			children = (
				13B07FB21A68108700A75B9A /* Base */,
			);
			name = LaunchScreen.xib;
			path = juan_ted_ui;
			sourceTree = "<group>";
		};
/* End PBXVariantGroup section */

/* Begin XCBuildConfiguration section */
		00E356F61AD99517003FC87E /* Debug */ = {
			isa = XCBuildConfiguration;
			baseConfigurationReference = 59C42EE653050A2A2AEFB9F8 /* Pods-juan_ted_uiTests.debug.xcconfig */;
			buildSettings = {
				BUNDLE_LOADER = "$(TEST_HOST)";
				GCC_PREPROCESSOR_DEFINITIONS = (
					"DEBUG=1",
					"$(inherited)",
				);
				INFOPLIST_FILE = juan_ted_uiTests/Info.plist;
				IPHONEOS_DEPLOYMENT_TARGET = 9.0;
				LD_RUNPATH_SEARCH_PATHS = "$(inherited) @executable_path/Frameworks @loader_path/Frameworks";
				OTHER_LDFLAGS = (
					"-ObjC",
					"-lc++",
					"$(inherited)",
				);
				PRODUCT_BUNDLE_IDENTIFIER = "org.reactjs.native.example.$(PRODUCT_NAME:rfc1034identifier)";
				PRODUCT_NAME = "$(TARGET_NAME)";
				TEST_HOST = "$(BUILT_PRODUCTS_DIR)/juan_ted_ui.app/juan_ted_ui";
			};
			name = Debug;
		};
		00E356F71AD99517003FC87E /* Release */ = {
			isa = XCBuildConfiguration;
			baseConfigurationReference = 7FF02E317CD58CD8525B0798 /* Pods-juan_ted_uiTests.release.xcconfig */;
			buildSettings = {
				BUNDLE_LOADER = "$(TEST_HOST)";
				COPY_PHASE_STRIP = NO;
				INFOPLIST_FILE = juan_ted_uiTests/Info.plist;
				IPHONEOS_DEPLOYMENT_TARGET = 9.0;
				LD_RUNPATH_SEARCH_PATHS = "$(inherited) @executable_path/Frameworks @loader_path/Frameworks";
				OTHER_LDFLAGS = (
					"-ObjC",
					"-lc++",
					"$(inherited)",
				);
				PRODUCT_BUNDLE_IDENTIFIER = "org.reactjs.native.example.$(PRODUCT_NAME:rfc1034identifier)";
				PRODUCT_NAME = "$(TARGET_NAME)";
				TEST_HOST = "$(BUILT_PRODUCTS_DIR)/juan_ted_ui.app/juan_ted_ui";
			};
			name = Release;
		};
		13B07F941A680F5B00A75B9A /* Debug */ = {
			isa = XCBuildConfiguration;
			baseConfigurationReference = FE19F4FAC51598A822B41C8C /* Pods-juan_ted_ui.debug.xcconfig */;
			buildSettings = {
				ASSETCATALOG_COMPILER_APPICON_NAME = AppIcon;
				CODE_SIGN_IDENTITY = "Apple Development";
				CODE_SIGN_STYLE = Automatic;
				CURRENT_PROJECT_VERSION = 1;
				DEAD_CODE_STRIPPING = NO;
				DEVELOPMENT_TEAM = 7HBA37G6YH;
				GCC_PREPROCESSOR_DEFINITIONS = (
					"$(inherited)",
					"COCOAPODS=1",
					"HAVE_GOOGLE_MAPS=1",
				);
				INFOPLIST_FILE = juan_ted_ui/Info.plist;
				LD_RUNPATH_SEARCH_PATHS = "$(inherited) @executable_path/Frameworks";
				OTHER_LDFLAGS = (
					"$(inherited)",
					"-ObjC",
					"-lc++",
				);
				PRODUCT_BUNDLE_IDENTIFIER = com.lokal.lokal;
				PRODUCT_NAME = lokal;
				PROVISIONING_PROFILE_SPECIFIER = "";
				VERSIONING_SYSTEM = "apple-generic";
			};
			name = Debug;
		};
		13B07F951A680F5B00A75B9A /* Release */ = {
			isa = XCBuildConfiguration;
			baseConfigurationReference = BD9332F2EDCF81087893A662 /* Pods-juan_ted_ui.release.xcconfig */;
			buildSettings = {
				ASSETCATALOG_COMPILER_APPICON_NAME = AppIcon;
				CODE_SIGN_IDENTITY = "Apple Development";
				CODE_SIGN_STYLE = Automatic;
				CURRENT_PROJECT_VERSION = 1;
				DEVELOPMENT_TEAM = 7HBA37G6YH;
				GCC_PREPROCESSOR_DEFINITIONS = (
					"$(inherited)",
					"COCOAPODS=1",
					"HAVE_GOOGLE_MAPS=1",
				);
				INFOPLIST_FILE = juan_ted_ui/Info.plist;
				LD_RUNPATH_SEARCH_PATHS = "$(inherited) @executable_path/Frameworks";
				OTHER_LDFLAGS = (
					"$(inherited)",
					"-ObjC",
					"-lc++",
				);
				PRODUCT_BUNDLE_IDENTIFIER = com.lokal.lokal;
				PRODUCT_NAME = lokal;
				PROVISIONING_PROFILE_SPECIFIER = "";
				VERSIONING_SYSTEM = "apple-generic";
			};
			name = Release;
		};
		2D02E4971E0B4A5E006451C7 /* Debug */ = {
			isa = XCBuildConfiguration;
			baseConfigurationReference = 6F354B205A507271DE14696E /* Pods-juan_ted_ui-tvOS.debug.xcconfig */;
			buildSettings = {
				ASSETCATALOG_COMPILER_APPICON_NAME = "App Icon & Top Shelf Image";
				ASSETCATALOG_COMPILER_LAUNCHIMAGE_NAME = LaunchImage;
				CLANG_ANALYZER_NONNULL = YES;
				CLANG_WARN_DOCUMENTATION_COMMENTS = YES;
				CLANG_WARN_INFINITE_RECURSION = YES;
				CLANG_WARN_SUSPICIOUS_MOVE = YES;
				DEBUG_INFORMATION_FORMAT = dwarf;
				ENABLE_TESTABILITY = YES;
				GCC_NO_COMMON_BLOCKS = YES;
				INFOPLIST_FILE = "juan_ted_ui-tvOS/Info.plist";
				LD_RUNPATH_SEARCH_PATHS = "$(inherited) @executable_path/Frameworks";
				OTHER_LDFLAGS = (
					"$(inherited)",
					"-ObjC",
					"-lc++",
				);
				PRODUCT_BUNDLE_IDENTIFIER = "com.facebook.REACT.juan_ted_ui-tvOS";
				PRODUCT_NAME = "$(TARGET_NAME)";
				SDKROOT = appletvos;
				TARGETED_DEVICE_FAMILY = 3;
				TVOS_DEPLOYMENT_TARGET = 9.2;
			};
			name = Debug;
		};
		2D02E4981E0B4A5E006451C7 /* Release */ = {
			isa = XCBuildConfiguration;
			baseConfigurationReference = E98E23F90461A06D57069A4A /* Pods-juan_ted_ui-tvOS.release.xcconfig */;
			buildSettings = {
				ASSETCATALOG_COMPILER_APPICON_NAME = "App Icon & Top Shelf Image";
				ASSETCATALOG_COMPILER_LAUNCHIMAGE_NAME = LaunchImage;
				CLANG_ANALYZER_NONNULL = YES;
				CLANG_WARN_DOCUMENTATION_COMMENTS = YES;
				CLANG_WARN_INFINITE_RECURSION = YES;
				CLANG_WARN_SUSPICIOUS_MOVE = YES;
				COPY_PHASE_STRIP = NO;
				DEBUG_INFORMATION_FORMAT = "dwarf-with-dsym";
				GCC_NO_COMMON_BLOCKS = YES;
				INFOPLIST_FILE = "juan_ted_ui-tvOS/Info.plist";
				LD_RUNPATH_SEARCH_PATHS = "$(inherited) @executable_path/Frameworks";
				OTHER_LDFLAGS = (
					"$(inherited)",
					"-ObjC",
					"-lc++",
				);
				PRODUCT_BUNDLE_IDENTIFIER = "com.facebook.REACT.juan_ted_ui-tvOS";
				PRODUCT_NAME = "$(TARGET_NAME)";
				SDKROOT = appletvos;
				TARGETED_DEVICE_FAMILY = 3;
				TVOS_DEPLOYMENT_TARGET = 9.2;
			};
			name = Release;
		};
		2D02E4991E0B4A5E006451C7 /* Debug */ = {
			isa = XCBuildConfiguration;
			baseConfigurationReference = DCCA2AF8EE9A160356BCAFC9 /* Pods-juan_ted_ui-tvOSTests.debug.xcconfig */;
			buildSettings = {
				BUNDLE_LOADER = "$(TEST_HOST)";
				CLANG_ANALYZER_NONNULL = YES;
				CLANG_WARN_DOCUMENTATION_COMMENTS = YES;
				CLANG_WARN_INFINITE_RECURSION = YES;
				CLANG_WARN_SUSPICIOUS_MOVE = YES;
				DEBUG_INFORMATION_FORMAT = dwarf;
				ENABLE_TESTABILITY = YES;
				GCC_NO_COMMON_BLOCKS = YES;
				INFOPLIST_FILE = "juan_ted_ui-tvOSTests/Info.plist";
				LD_RUNPATH_SEARCH_PATHS = "$(inherited) @executable_path/Frameworks @loader_path/Frameworks";
				OTHER_LDFLAGS = (
					"$(inherited)",
					"-ObjC",
					"-lc++",
				);
				PRODUCT_BUNDLE_IDENTIFIER = "com.facebook.REACT.juan_ted_ui-tvOSTests";
				PRODUCT_NAME = "$(TARGET_NAME)";
				SDKROOT = appletvos;
				TEST_HOST = "$(BUILT_PRODUCTS_DIR)/juan_ted_ui-tvOS.app/juan_ted_ui-tvOS";
				TVOS_DEPLOYMENT_TARGET = 10.1;
			};
			name = Debug;
		};
		2D02E49A1E0B4A5E006451C7 /* Release */ = {
			isa = XCBuildConfiguration;
			baseConfigurationReference = 36F43034CD620F2498D7A00B /* Pods-juan_ted_ui-tvOSTests.release.xcconfig */;
			buildSettings = {
				BUNDLE_LOADER = "$(TEST_HOST)";
				CLANG_ANALYZER_NONNULL = YES;
				CLANG_WARN_DOCUMENTATION_COMMENTS = YES;
				CLANG_WARN_INFINITE_RECURSION = YES;
				CLANG_WARN_SUSPICIOUS_MOVE = YES;
				COPY_PHASE_STRIP = NO;
				DEBUG_INFORMATION_FORMAT = "dwarf-with-dsym";
				GCC_NO_COMMON_BLOCKS = YES;
				INFOPLIST_FILE = "juan_ted_ui-tvOSTests/Info.plist";
				LD_RUNPATH_SEARCH_PATHS = "$(inherited) @executable_path/Frameworks @loader_path/Frameworks";
				OTHER_LDFLAGS = (
					"$(inherited)",
					"-ObjC",
					"-lc++",
				);
				PRODUCT_BUNDLE_IDENTIFIER = "com.facebook.REACT.juan_ted_ui-tvOSTests";
				PRODUCT_NAME = "$(TARGET_NAME)";
				SDKROOT = appletvos;
				TEST_HOST = "$(BUILT_PRODUCTS_DIR)/juan_ted_ui-tvOS.app/juan_ted_ui-tvOS";
				TVOS_DEPLOYMENT_TARGET = 10.1;
			};
			name = Release;
		};
		83CBBA201A601CBA00E9B192 /* Debug */ = {
			isa = XCBuildConfiguration;
			buildSettings = {
				ALWAYS_SEARCH_USER_PATHS = NO;
				CLANG_ANALYZER_LOCALIZABILITY_NONLOCALIZED = YES;
				CLANG_CXX_LANGUAGE_STANDARD = "gnu++0x";
				CLANG_CXX_LIBRARY = "libc++";
				CLANG_ENABLE_MODULES = YES;
				CLANG_ENABLE_OBJC_ARC = YES;
				CLANG_WARN_BLOCK_CAPTURE_AUTORELEASING = YES;
				CLANG_WARN_BOOL_CONVERSION = YES;
				CLANG_WARN_COMMA = YES;
				CLANG_WARN_CONSTANT_CONVERSION = YES;
				CLANG_WARN_DEPRECATED_OBJC_IMPLEMENTATIONS = YES;
				CLANG_WARN_DIRECT_OBJC_ISA_USAGE = YES_ERROR;
				CLANG_WARN_EMPTY_BODY = YES;
				CLANG_WARN_ENUM_CONVERSION = YES;
				CLANG_WARN_INFINITE_RECURSION = YES;
				CLANG_WARN_INT_CONVERSION = YES;
				CLANG_WARN_NON_LITERAL_NULL_CONVERSION = YES;
				CLANG_WARN_OBJC_IMPLICIT_RETAIN_SELF = YES;
				CLANG_WARN_OBJC_LITERAL_CONVERSION = YES;
				CLANG_WARN_OBJC_ROOT_CLASS = YES_ERROR;
				CLANG_WARN_RANGE_LOOP_ANALYSIS = YES;
				CLANG_WARN_STRICT_PROTOTYPES = YES;
				CLANG_WARN_SUSPICIOUS_MOVE = YES;
				CLANG_WARN_UNREACHABLE_CODE = YES;
				CLANG_WARN__DUPLICATE_METHOD_MATCH = YES;
				"CODE_SIGN_IDENTITY[sdk=iphoneos*]" = "iPhone Developer";
				COPY_PHASE_STRIP = NO;
				ENABLE_STRICT_OBJC_MSGSEND = YES;
				ENABLE_TESTABILITY = YES;
				GCC_C_LANGUAGE_STANDARD = gnu99;
				GCC_DYNAMIC_NO_PIC = NO;
				GCC_NO_COMMON_BLOCKS = YES;
				GCC_OPTIMIZATION_LEVEL = 0;
				GCC_PREPROCESSOR_DEFINITIONS = (
					"DEBUG=1",
					"$(inherited)",
				);
				GCC_SYMBOLS_PRIVATE_EXTERN = NO;
				GCC_WARN_64_TO_32_BIT_CONVERSION = YES;
				GCC_WARN_ABOUT_RETURN_TYPE = YES_ERROR;
				GCC_WARN_UNDECLARED_SELECTOR = YES;
				GCC_WARN_UNINITIALIZED_AUTOS = YES_AGGRESSIVE;
				GCC_WARN_UNUSED_FUNCTION = YES;
				GCC_WARN_UNUSED_VARIABLE = YES;
				IPHONEOS_DEPLOYMENT_TARGET = 9.0;
				MTL_ENABLE_DEBUG_INFO = YES;
				ONLY_ACTIVE_ARCH = YES;
				SDKROOT = iphoneos;
			};
			name = Debug;
		};
		83CBBA211A601CBA00E9B192 /* Release */ = {
			isa = XCBuildConfiguration;
			buildSettings = {
				ALWAYS_SEARCH_USER_PATHS = NO;
				CLANG_ANALYZER_LOCALIZABILITY_NONLOCALIZED = YES;
				CLANG_CXX_LANGUAGE_STANDARD = "gnu++0x";
				CLANG_CXX_LIBRARY = "libc++";
				CLANG_ENABLE_MODULES = YES;
				CLANG_ENABLE_OBJC_ARC = YES;
				CLANG_WARN_BLOCK_CAPTURE_AUTORELEASING = YES;
				CLANG_WARN_BOOL_CONVERSION = YES;
				CLANG_WARN_COMMA = YES;
				CLANG_WARN_CONSTANT_CONVERSION = YES;
				CLANG_WARN_DEPRECATED_OBJC_IMPLEMENTATIONS = YES;
				CLANG_WARN_DIRECT_OBJC_ISA_USAGE = YES_ERROR;
				CLANG_WARN_EMPTY_BODY = YES;
				CLANG_WARN_ENUM_CONVERSION = YES;
				CLANG_WARN_INFINITE_RECURSION = YES;
				CLANG_WARN_INT_CONVERSION = YES;
				CLANG_WARN_NON_LITERAL_NULL_CONVERSION = YES;
				CLANG_WARN_OBJC_IMPLICIT_RETAIN_SELF = YES;
				CLANG_WARN_OBJC_LITERAL_CONVERSION = YES;
				CLANG_WARN_OBJC_ROOT_CLASS = YES_ERROR;
				CLANG_WARN_RANGE_LOOP_ANALYSIS = YES;
				CLANG_WARN_STRICT_PROTOTYPES = YES;
				CLANG_WARN_SUSPICIOUS_MOVE = YES;
				CLANG_WARN_UNREACHABLE_CODE = YES;
				CLANG_WARN__DUPLICATE_METHOD_MATCH = YES;
				"CODE_SIGN_IDENTITY[sdk=iphoneos*]" = "iPhone Developer";
				COPY_PHASE_STRIP = YES;
				ENABLE_NS_ASSERTIONS = NO;
				ENABLE_STRICT_OBJC_MSGSEND = YES;
				GCC_C_LANGUAGE_STANDARD = gnu99;
				GCC_NO_COMMON_BLOCKS = YES;
				GCC_WARN_64_TO_32_BIT_CONVERSION = YES;
				GCC_WARN_ABOUT_RETURN_TYPE = YES_ERROR;
				GCC_WARN_UNDECLARED_SELECTOR = YES;
				GCC_WARN_UNINITIALIZED_AUTOS = YES_AGGRESSIVE;
				GCC_WARN_UNUSED_FUNCTION = YES;
				GCC_WARN_UNUSED_VARIABLE = YES;
				IPHONEOS_DEPLOYMENT_TARGET = 9.0;
				MTL_ENABLE_DEBUG_INFO = NO;
				SDKROOT = iphoneos;
				VALIDATE_PRODUCT = YES;
			};
			name = Release;
		};
/* End XCBuildConfiguration section */

/* Begin XCConfigurationList section */
		00E357021AD99517003FC87E /* Build configuration list for PBXNativeTarget "juan_ted_uiTests" */ = {
			isa = XCConfigurationList;
			buildConfigurations = (
				00E356F61AD99517003FC87E /* Debug */,
				00E356F71AD99517003FC87E /* Release */,
			);
			defaultConfigurationIsVisible = 0;
			defaultConfigurationName = Release;
		};
		13B07F931A680F5B00A75B9A /* Build configuration list for PBXNativeTarget "juan_ted_ui" */ = {
			isa = XCConfigurationList;
			buildConfigurations = (
				13B07F941A680F5B00A75B9A /* Debug */,
				13B07F951A680F5B00A75B9A /* Release */,
			);
			defaultConfigurationIsVisible = 0;
			defaultConfigurationName = Release;
		};
		2D02E4BA1E0B4A5E006451C7 /* Build configuration list for PBXNativeTarget "juan_ted_ui-tvOS" */ = {
			isa = XCConfigurationList;
			buildConfigurations = (
				2D02E4971E0B4A5E006451C7 /* Debug */,
				2D02E4981E0B4A5E006451C7 /* Release */,
			);
			defaultConfigurationIsVisible = 0;
			defaultConfigurationName = Release;
		};
		2D02E4BB1E0B4A5E006451C7 /* Build configuration list for PBXNativeTarget "juan_ted_ui-tvOSTests" */ = {
			isa = XCConfigurationList;
			buildConfigurations = (
				2D02E4991E0B4A5E006451C7 /* Debug */,
				2D02E49A1E0B4A5E006451C7 /* Release */,
			);
			defaultConfigurationIsVisible = 0;
			defaultConfigurationName = Release;
		};
		83CBB9FA1A601CBA00E9B192 /* Build configuration list for PBXProject "juan_ted_ui" */ = {
			isa = XCConfigurationList;
			buildConfigurations = (
				83CBBA201A601CBA00E9B192 /* Debug */,
				83CBBA211A601CBA00E9B192 /* Release */,
			);
			defaultConfigurationIsVisible = 0;
			defaultConfigurationName = Release;
		};
/* End XCConfigurationList section */
	};
	rootObject = 83CBB9F71A601CBA00E9B192 /* Project object */;
}
